
Microsoft Visual Studio Solution File, Format Version 9.00
# Visual Studio 2005
Project("{8BC9CEB8-8B4A-11D0-8D11-00A0C91BC942}") = "USBAudioDetect", "USBAudioDetect.vcproj", "{FB306391-1D2B-41A3-AC2B-B38CF5AF8923}"
EndProject
Global
	GlobalSection(SolutionConfigurationPlatforms) = preSolution
		Debug|CE300_CORE (ARMV4I) = Debug|CE300_CORE (ARMV4I)
		Debug|CE500_CORE (ARMV4I) = Debug|CE500_CORE (ARMV4I)
		Debug|Pocket PC 2003 (ARMV4) = Debug|Pocket PC 2003 (ARMV4)
		Release|CE300_CORE (ARMV4I) = Release|CE300_CORE (ARMV4I)
		Release|CE500_CORE (ARMV4I) = Release|CE500_CORE (ARMV4I)
		Release|Pocket PC 2003 (ARMV4) = Release|Pocket PC 2003 (ARMV4)
	EndGlobalSection
	GlobalSection(ProjectConfigurationPlatforms) = postSolution
		{FB306391-1D2B-41A3-AC2B-B38CF5AF8923}.Debug|CE300_CORE (ARMV4I).ActiveCfg = Debug|CE300_CORE (ARMV4I)
		{FB306391-1D2B-41A3-AC2B-B38CF5AF8923}.Debug|CE300_CORE (ARMV4I).Build.0 = Debug|CE300_CORE (ARMV4I)
		{FB306391-1D2B-41A3-AC2B-B38CF5AF8923}.Debug|CE300_CORE (ARMV4I).Deploy.0 = Debug|CE300_CORE (ARMV4I)
		{FB306391-1D2B-41A3-AC2B-B38CF5AF8923}.Debug|CE500_CORE (ARMV4I).ActiveCfg = Debug|CE500_CORE (ARMV4I)
		{FB306391-1D2B-41A3-AC2B-B38CF5AF8923}.Debug|CE500_CORE (ARMV4I).Build.0 = Debug|CE500_CORE (ARMV4I)
		{FB306391-1D2B-41A3-AC2B-B38CF5AF8923}.Debug|CE500_CORE (ARMV4I).Deploy.0 = Debug|CE500_CORE (ARMV4I)
		{FB306391-1D2B-41A3-AC2B-B38CF5AF8923}.Debug|Pocket PC 2003 (ARMV4).ActiveCfg = Debug|Pocket PC 2003 (ARMV4)
		{FB306391-1D2B-41A3-AC2B-B38CF5AF8923}.Debug|Pocket PC 2003 (ARMV4).Build.0 = Debug|Pocket PC 2003 (ARMV4)
		{FB306391-1D2B-41A3-AC2B-B38CF5AF8923}.Debug|Pocket PC 2003 (ARMV4).Deploy.0 = Debug|Pocket PC 2003 (ARMV4)
		{FB306391-1D2B-41A3-AC2B-B38CF5AF8923}.Release|CE300_CORE (ARMV4I).ActiveCfg = Release|CE300_CORE (ARMV4I)
		{FB306391-1D2B-41A3-AC2B-B38CF5AF8923}.Release|CE300_CORE (ARMV4I).Build.0 = Release|CE300_CORE (ARMV4I)
		{FB306391-1D2B-41A3-AC2B-B38CF5AF8923}.Release|CE300_CORE (ARMV4I).Deploy.0 = Release|CE300_CORE (ARMV4I)
		{FB306391-1D2B-41A3-AC2B-B38CF5AF8923}.Release|CE500_CORE (ARMV4I).ActiveCfg = Release|CE500_CORE (ARMV4I)
		{FB306391-1D2B-41A3-AC2B-B38CF5AF8923}.Release|CE500_CORE (ARMV4I).Build.0 = Release|CE500_CORE (ARMV4I)
		{FB306391-1D2B-41A3-AC2B-B38CF5AF8923}.Release|CE500_CORE (ARMV4I).Deploy.0 = Release|CE500_CORE (ARMV4I)
		{FB306391-1D2B-41A3-AC2B-B38CF5AF8923}.Release|Pocket PC 2003 (ARMV4).ActiveCfg = Release|Pocket PC 2003 (ARMV4)
		{FB306391-1D2B-41A3-AC2B-B38CF5AF8923}.Release|Pocket PC 2003 (ARMV4).Build.0 = Release|Pocket PC 2003 (ARMV4)
		{FB306391-1D2B-41A3-AC2B-B38CF5AF8923}.Release|Pocket PC 2003 (ARMV4).Deploy.0 = Release|Pocket PC 2003 (ARMV4)
	EndGlobalSection
	GlobalSection(SolutionProperties) = preSolution
		HideSolutionNode = FALSE
	EndGlobalSection
EndGlobal
