
Microsoft Visual Studio Solution File, Format Version 9.00
# Visual Studio 2005
Project("{A9579C99-2FCB-404B-BD28-4858F56A8BA4}") = "ce317_mini", "ce317_mini\ce317_mini.pbxml", "{63DAFA30-3B03-49E2-94DD-23358E80FC17}"
EndProject
Global
	GlobalSection(SolutionConfigurationPlatforms) = preSolution
		Debug|Platform Builder (_TGTCPU) = Debug|Platform Builder (_TGTCPU)
		Release|Platform Builder (_TGTCPU) = Release|Platform Builder (_TGTCPU)
		TI_EVM_3530_ARMV4I Debug|Platform Builder (_TGTCPU) = TI_EVM_3530_ARMV4I Debug|Platform Builder (_TGTCPU)
		TI_EVM_3530_ARMV4I Release|Platform Builder (_TGTCPU) = TI_EVM_3530_ARMV4I Release|Platform Builder (_TGTCPU)
	EndGlobalSection
	GlobalSection(ProjectConfigurationPlatforms) = postSolution
		{63DAFA30-3B03-49E2-94DD-23358E80FC17}.Debug|Platform Builder (_TGTCPU).ActiveCfg = TI_EVM_3530_ARMV4I Debug|Platform Builder (_TGTCPU)
		{63DAFA30-3B03-49E2-94DD-23358E80FC17}.Debug|Platform Builder (_TGTCPU).Build.0 = TI_EVM_3530_ARMV4I Debug|Platform Builder (_TGTCPU)
		{63DAFA30-3B03-49E2-94DD-23358E80FC17}.Release|Platform Builder (_TGTCPU).ActiveCfg = TI_EVM_3530_ARMV4I Release|Platform Builder (_TGTCPU)
		{63DAFA30-3B03-49E2-94DD-23358E80FC17}.Release|Platform Builder (_TGTCPU).Build.0 = TI_EVM_3530_ARMV4I Release|Platform Builder (_TGTCPU)
		{63DAFA30-3B03-49E2-94DD-23358E80FC17}.TI_EVM_3530_ARMV4I Debug|Platform Builder (_TGTCPU).ActiveCfg = TI_EVM_3530_ARMV4I Debug|Platform Builder (_TGTCPU)
		{63DAFA30-3B03-49E2-94DD-23358E80FC17}.TI_EVM_3530_ARMV4I Debug|Platform Builder (_TGTCPU).Build.0 = TI_EVM_3530_ARMV4I Debug|Platform Builder (_TGTCPU)
		{63DAFA30-3B03-49E2-94DD-23358E80FC17}.TI_EVM_3530_ARMV4I Release|Platform Builder (_TGTCPU).ActiveCfg = TI_EVM_3530_ARMV4I Release|Platform Builder (_TGTCPU)
		{63DAFA30-3B03-49E2-94DD-23358E80FC17}.TI_EVM_3530_ARMV4I Release|Platform Builder (_TGTCPU).Build.0 = TI_EVM_3530_ARMV4I Release|Platform Builder (_TGTCPU)
		{490F09BA-EEC8-4E0B-AB2C-9837BDCF4319}.Debug|Platform Builder (_TGTCPU).ActiveCfg = Debug|Platform Builder (_TGTCPU)
		{490F09BA-EEC8-4E0B-AB2C-9837BDCF4319}.Debug|Platform Builder (_TGTCPU).Deploy.0 = Debug|Platform Builder (_TGTCPU)
		{490F09BA-EEC8-4E0B-AB2C-9837BDCF4319}.Release|Platform Builder (_TGTCPU).ActiveCfg = Release|Platform Builder (_TGTCPU)
		{490F09BA-EEC8-4E0B-AB2C-9837BDCF4319}.Release|Platform Builder (_TGTCPU).Deploy.0 = Release|Platform Builder (_TGTCPU)
		{490F09BA-EEC8-4E0B-AB2C-9837BDCF4319}.TI_EVM_3530_ARMV4I Debug|Platform Builder (_TGTCPU).ActiveCfg = Debug|Platform Builder (_TGTCPU)
		{490F09BA-EEC8-4E0B-AB2C-9837BDCF4319}.TI_EVM_3530_ARMV4I Debug|Platform Builder (_TGTCPU).Deploy.0 = Debug|Platform Builder (_TGTCPU)
		{490F09BA-EEC8-4E0B-AB2C-9837BDCF4319}.TI_EVM_3530_ARMV4I Release|Platform Builder (_TGTCPU).ActiveCfg = Release|Platform Builder (_TGTCPU)
		{490F09BA-EEC8-4E0B-AB2C-9837BDCF4319}.TI_EVM_3530_ARMV4I Release|Platform Builder (_TGTCPU).Deploy.0 = Release|Platform Builder (_TGTCPU)
		{379898E5-7BCD-4968-9251-8814F36FD3DD}.Debug|Platform Builder (_TGTCPU).ActiveCfg = Debug|Platform Builder (_TGTCPU)
		{379898E5-7BCD-4968-9251-8814F36FD3DD}.Debug|Platform Builder (_TGTCPU).Deploy.0 = Debug|Platform Builder (_TGTCPU)
		{379898E5-7BCD-4968-9251-8814F36FD3DD}.Release|Platform Builder (_TGTCPU).ActiveCfg = Release|Platform Builder (_TGTCPU)
		{379898E5-7BCD-4968-9251-8814F36FD3DD}.Release|Platform Builder (_TGTCPU).Deploy.0 = Release|Platform Builder (_TGTCPU)
		{379898E5-7BCD-4968-9251-8814F36FD3DD}.TI_EVM_3530_ARMV4I Debug|Platform Builder (_TGTCPU).ActiveCfg = Debug|Platform Builder (_TGTCPU)
		{379898E5-7BCD-4968-9251-8814F36FD3DD}.TI_EVM_3530_ARMV4I Debug|Platform Builder (_TGTCPU).Deploy.0 = Debug|Platform Builder (_TGTCPU)
		{379898E5-7BCD-4968-9251-8814F36FD3DD}.TI_EVM_3530_ARMV4I Release|Platform Builder (_TGTCPU).ActiveCfg = Release|Platform Builder (_TGTCPU)
		{379898E5-7BCD-4968-9251-8814F36FD3DD}.TI_EVM_3530_ARMV4I Release|Platform Builder (_TGTCPU).Deploy.0 = Release|Platform Builder (_TGTCPU)
		{CECEEBD8-E000-40F8-9107-517DD3710EDF}.Debug|Platform Builder (_TGTCPU).ActiveCfg = Debug|Platform Builder (_TGTCPU)
		{CECEEBD8-E000-40F8-9107-517DD3710EDF}.Debug|Platform Builder (_TGTCPU).Deploy.0 = Debug|Platform Builder (_TGTCPU)
		{CECEEBD8-E000-40F8-9107-517DD3710EDF}.Release|Platform Builder (_TGTCPU).ActiveCfg = Release|Platform Builder (_TGTCPU)
		{CECEEBD8-E000-40F8-9107-517DD3710EDF}.Release|Platform Builder (_TGTCPU).Deploy.0 = Release|Platform Builder (_TGTCPU)
		{CECEEBD8-E000-40F8-9107-517DD3710EDF}.TI_EVM_3530_ARMV4I Debug|Platform Builder (_TGTCPU).ActiveCfg = Debug|Platform Builder (_TGTCPU)
		{CECEEBD8-E000-40F8-9107-517DD3710EDF}.TI_EVM_3530_ARMV4I Debug|Platform Builder (_TGTCPU).Deploy.0 = Debug|Platform Builder (_TGTCPU)
		{CECEEBD8-E000-40F8-9107-517DD3710EDF}.TI_EVM_3530_ARMV4I Release|Platform Builder (_TGTCPU).ActiveCfg = Release|Platform Builder (_TGTCPU)
		{CECEEBD8-E000-40F8-9107-517DD3710EDF}.TI_EVM_3530_ARMV4I Release|Platform Builder (_TGTCPU).Deploy.0 = Release|Platform Builder (_TGTCPU)
		{57F9D8A3-8840-4866-8398-1E7995116195}.Debug|Platform Builder (_TGTCPU).ActiveCfg = Debug|Platform Builder (_TGTCPU)
		{57F9D8A3-8840-4866-8398-1E7995116195}.Debug|Platform Builder (_TGTCPU).Deploy.0 = Debug|Platform Builder (_TGTCPU)
		{57F9D8A3-8840-4866-8398-1E7995116195}.Release|Platform Builder (_TGTCPU).ActiveCfg = Release|Platform Builder (_TGTCPU)
		{57F9D8A3-8840-4866-8398-1E7995116195}.Release|Platform Builder (_TGTCPU).Deploy.0 = Release|Platform Builder (_TGTCPU)
		{57F9D8A3-8840-4866-8398-1E7995116195}.TI_EVM_3530_ARMV4I Debug|Platform Builder (_TGTCPU).ActiveCfg = Debug|Platform Builder (_TGTCPU)
		{57F9D8A3-8840-4866-8398-1E7995116195}.TI_EVM_3530_ARMV4I Debug|Platform Builder (_TGTCPU).Deploy.0 = Debug|Platform Builder (_TGTCPU)
		{57F9D8A3-8840-4866-8398-1E7995116195}.TI_EVM_3530_ARMV4I Release|Platform Builder (_TGTCPU).ActiveCfg = Release|Platform Builder (_TGTCPU)
		{57F9D8A3-8840-4866-8398-1E7995116195}.TI_EVM_3530_ARMV4I Release|Platform Builder (_TGTCPU).Deploy.0 = Release|Platform Builder (_TGTCPU)
		{09705BE8-3041-405A-A013-88A5F93AC988}.Debug|Platform Builder (_TGTCPU).ActiveCfg = Debug|Platform Builder (_TGTCPU)
		{09705BE8-3041-405A-A013-88A5F93AC988}.Debug|Platform Builder (_TGTCPU).Deploy.0 = Debug|Platform Builder (_TGTCPU)
		{09705BE8-3041-405A-A013-88A5F93AC988}.Release|Platform Builder (_TGTCPU).ActiveCfg = Release|Platform Builder (_TGTCPU)
		{09705BE8-3041-405A-A013-88A5F93AC988}.Release|Platform Builder (_TGTCPU).Deploy.0 = Release|Platform Builder (_TGTCPU)
		{09705BE8-3041-405A-A013-88A5F93AC988}.TI_EVM_3530_ARMV4I Debug|Platform Builder (_TGTCPU).ActiveCfg = Debug|Platform Builder (_TGTCPU)
		{09705BE8-3041-405A-A013-88A5F93AC988}.TI_EVM_3530_ARMV4I Debug|Platform Builder (_TGTCPU).Deploy.0 = Debug|Platform Builder (_TGTCPU)
		{09705BE8-3041-405A-A013-88A5F93AC988}.TI_EVM_3530_ARMV4I Release|Platform Builder (_TGTCPU).ActiveCfg = Release|Platform Builder (_TGTCPU)
		{09705BE8-3041-405A-A013-88A5F93AC988}.TI_EVM_3530_ARMV4I Release|Platform Builder (_TGTCPU).Deploy.0 = Release|Platform Builder (_TGTCPU)
		{9FAF97E4-FA76-42B6-B99A-CD29473AFCE3}.Debug|Platform Builder (_TGTCPU).ActiveCfg = Debug|Platform Builder (_TGTCPU)
		{9FAF97E4-FA76-42B6-B99A-CD29473AFCE3}.Debug|Platform Builder (_TGTCPU).Deploy.0 = Debug|Platform Builder (_TGTCPU)
		{9FAF97E4-FA76-42B6-B99A-CD29473AFCE3}.Release|Platform Builder (_TGTCPU).ActiveCfg = Release|Platform Builder (_TGTCPU)
		{9FAF97E4-FA76-42B6-B99A-CD29473AFCE3}.Release|Platform Builder (_TGTCPU).Deploy.0 = Release|Platform Builder (_TGTCPU)
		{9FAF97E4-FA76-42B6-B99A-CD29473AFCE3}.TI_EVM_3530_ARMV4I Debug|Platform Builder (_TGTCPU).ActiveCfg = Debug|Platform Builder (_TGTCPU)
		{9FAF97E4-FA76-42B6-B99A-CD29473AFCE3}.TI_EVM_3530_ARMV4I Debug|Platform Builder (_TGTCPU).Deploy.0 = Debug|Platform Builder (_TGTCPU)
		{9FAF97E4-FA76-42B6-B99A-CD29473AFCE3}.TI_EVM_3530_ARMV4I Release|Platform Builder (_TGTCPU).ActiveCfg = Release|Platform Builder (_TGTCPU)
		{9FAF97E4-FA76-42B6-B99A-CD29473AFCE3}.TI_EVM_3530_ARMV4I Release|Platform Builder (_TGTCPU).Deploy.0 = Release|Platform Builder (_TGTCPU)
		{8113E9CD-4D1E-41F5-8603-6702A825D287}.Debug|Platform Builder (_TGTCPU).ActiveCfg = Debug|Platform Builder (_TGTCPU)
		{8113E9CD-4D1E-41F5-8603-6702A825D287}.Debug|Platform Builder (_TGTCPU).Deploy.0 = Debug|Platform Builder (_TGTCPU)
		{8113E9CD-4D1E-41F5-8603-6702A825D287}.Release|Platform Builder (_TGTCPU).ActiveCfg = Release|Platform Builder (_TGTCPU)
		{8113E9CD-4D1E-41F5-8603-6702A825D287}.Release|Platform Builder (_TGTCPU).Deploy.0 = Release|Platform Builder (_TGTCPU)
		{8113E9CD-4D1E-41F5-8603-6702A825D287}.TI_EVM_3530_ARMV4I Debug|Platform Builder (_TGTCPU).ActiveCfg = Debug|Platform Builder (_TGTCPU)
		{8113E9CD-4D1E-41F5-8603-6702A825D287}.TI_EVM_3530_ARMV4I Debug|Platform Builder (_TGTCPU).Deploy.0 = Debug|Platform Builder (_TGTCPU)
		{8113E9CD-4D1E-41F5-8603-6702A825D287}.TI_EVM_3530_ARMV4I Release|Platform Builder (_TGTCPU).ActiveCfg = Release|Platform Builder (_TGTCPU)
		{8113E9CD-4D1E-41F5-8603-6702A825D287}.TI_EVM_3530_ARMV4I Release|Platform Builder (_TGTCPU).Deploy.0 = Release|Platform Builder (_TGTCPU)
		{4A2B004E-7921-4F3B-AE47-3DB8437CA769}.Debug|Platform Builder (_TGTCPU).ActiveCfg = Debug|Platform Builder (_TGTCPU)
		{4A2B004E-7921-4F3B-AE47-3DB8437CA769}.Debug|Platform Builder (_TGTCPU).Deploy.0 = Debug|Platform Builder (_TGTCPU)
		{4A2B004E-7921-4F3B-AE47-3DB8437CA769}.Release|Platform Builder (_TGTCPU).ActiveCfg = Release|Platform Builder (_TGTCPU)
		{4A2B004E-7921-4F3B-AE47-3DB8437CA769}.Release|Platform Builder (_TGTCPU).Deploy.0 = Release|Platform Builder (_TGTCPU)
		{4A2B004E-7921-4F3B-AE47-3DB8437CA769}.TI_EVM_3530_ARMV4I Debug|Platform Builder (_TGTCPU).ActiveCfg = Debug|Platform Builder (_TGTCPU)
		{4A2B004E-7921-4F3B-AE47-3DB8437CA769}.TI_EVM_3530_ARMV4I Debug|Platform Builder (_TGTCPU).Deploy.0 = Debug|Platform Builder (_TGTCPU)
		{4A2B004E-7921-4F3B-AE47-3DB8437CA769}.TI_EVM_3530_ARMV4I Release|Platform Builder (_TGTCPU).ActiveCfg = Release|Platform Builder (_TGTCPU)
		{4A2B004E-7921-4F3B-AE47-3DB8437CA769}.TI_EVM_3530_ARMV4I Release|Platform Builder (_TGTCPU).Deploy.0 = Release|Platform Builder (_TGTCPU)
		{73E805D5-A800-4B2A-BE71-57A1C59C753F}.Debug|Platform Builder (_TGTCPU).ActiveCfg = Debug|Platform Builder (_TGTCPU)
		{73E805D5-A800-4B2A-BE71-57A1C59C753F}.Debug|Platform Builder (_TGTCPU).Deploy.0 = Debug|Platform Builder (_TGTCPU)
		{73E805D5-A800-4B2A-BE71-57A1C59C753F}.Release|Platform Builder (_TGTCPU).ActiveCfg = Release|Platform Builder (_TGTCPU)
		{73E805D5-A800-4B2A-BE71-57A1C59C753F}.Release|Platform Builder (_TGTCPU).Deploy.0 = Release|Platform Builder (_TGTCPU)
		{73E805D5-A800-4B2A-BE71-57A1C59C753F}.TI_EVM_3530_ARMV4I Debug|Platform Builder (_TGTCPU).ActiveCfg = Debug|Platform Builder (_TGTCPU)
		{73E805D5-A800-4B2A-BE71-57A1C59C753F}.TI_EVM_3530_ARMV4I Debug|Platform Builder (_TGTCPU).Deploy.0 = Debug|Platform Builder (_TGTCPU)
		{73E805D5-A800-4B2A-BE71-57A1C59C753F}.TI_EVM_3530_ARMV4I Release|Platform Builder (_TGTCPU).ActiveCfg = Release|Platform Builder (_TGTCPU)
		{73E805D5-A800-4B2A-BE71-57A1C59C753F}.TI_EVM_3530_ARMV4I Release|Platform Builder (_TGTCPU).Deploy.0 = Release|Platform Builder (_TGTCPU)
		{0C4116CA-FA68-4E15-B018-9C46330722E7}.Debug|Platform Builder (_TGTCPU).ActiveCfg = Debug|Platform Builder (_TGTCPU)
		{0C4116CA-FA68-4E15-B018-9C46330722E7}.Debug|Platform Builder (_TGTCPU).Deploy.0 = Debug|Platform Builder (_TGTCPU)
		{0C4116CA-FA68-4E15-B018-9C46330722E7}.Release|Platform Builder (_TGTCPU).ActiveCfg = Release|Platform Builder (_TGTCPU)
		{0C4116CA-FA68-4E15-B018-9C46330722E7}.Release|Platform Builder (_TGTCPU).Deploy.0 = Release|Platform Builder (_TGTCPU)
		{0C4116CA-FA68-4E15-B018-9C46330722E7}.TI_EVM_3530_ARMV4I Debug|Platform Builder (_TGTCPU).ActiveCfg = Debug|Platform Builder (_TGTCPU)
		{0C4116CA-FA68-4E15-B018-9C46330722E7}.TI_EVM_3530_ARMV4I Debug|Platform Builder (_TGTCPU).Deploy.0 = Debug|Platform Builder (_TGTCPU)
		{0C4116CA-FA68-4E15-B018-9C46330722E7}.TI_EVM_3530_ARMV4I Release|Platform Builder (_TGTCPU).ActiveCfg = Release|Platform Builder (_TGTCPU)
		{0C4116CA-FA68-4E15-B018-9C46330722E7}.TI_EVM_3530_ARMV4I Release|Platform Builder (_TGTCPU).Deploy.0 = Release|Platform Builder (_TGTCPU)
		{7AEBA1C8-AE7E-4CD2-BE74-BAC445743312}.Debug|Platform Builder (_TGTCPU).ActiveCfg = Debug|Platform Builder (_TGTCPU)
		{7AEBA1C8-AE7E-4CD2-BE74-BAC445743312}.Debug|Platform Builder (_TGTCPU).Deploy.0 = Debug|Platform Builder (_TGTCPU)
		{7AEBA1C8-AE7E-4CD2-BE74-BAC445743312}.Release|Platform Builder (_TGTCPU).ActiveCfg = Release|Platform Builder (_TGTCPU)
		{7AEBA1C8-AE7E-4CD2-BE74-BAC445743312}.Release|Platform Builder (_TGTCPU).Deploy.0 = Release|Platform Builder (_TGTCPU)
		{7AEBA1C8-AE7E-4CD2-BE74-BAC445743312}.TI_EVM_3530_ARMV4I Debug|Platform Builder (_TGTCPU).ActiveCfg = Debug|Platform Builder (_TGTCPU)
		{7AEBA1C8-AE7E-4CD2-BE74-BAC445743312}.TI_EVM_3530_ARMV4I Debug|Platform Builder (_TGTCPU).Deploy.0 = Debug|Platform Builder (_TGTCPU)
		{7AEBA1C8-AE7E-4CD2-BE74-BAC445743312}.TI_EVM_3530_ARMV4I Release|Platform Builder (_TGTCPU).ActiveCfg = Release|Platform Builder (_TGTCPU)
		{7AEBA1C8-AE7E-4CD2-BE74-BAC445743312}.TI_EVM_3530_ARMV4I Release|Platform Builder (_TGTCPU).Deploy.0 = Release|Platform Builder (_TGTCPU)
		{42DF76F6-D58D-4A5C-AC72-A84F71590707}.Debug|Platform Builder (_TGTCPU).ActiveCfg = Debug|Platform Builder (_TGTCPU)
		{42DF76F6-D58D-4A5C-AC72-A84F71590707}.Debug|Platform Builder (_TGTCPU).Deploy.0 = Debug|Platform Builder (_TGTCPU)
		{42DF76F6-D58D-4A5C-AC72-A84F71590707}.Release|Platform Builder (_TGTCPU).ActiveCfg = Release|Platform Builder (_TGTCPU)
		{42DF76F6-D58D-4A5C-AC72-A84F71590707}.Release|Platform Builder (_TGTCPU).Deploy.0 = Release|Platform Builder (_TGTCPU)
		{42DF76F6-D58D-4A5C-AC72-A84F71590707}.TI_EVM_3530_ARMV4I Debug|Platform Builder (_TGTCPU).ActiveCfg = Debug|Platform Builder (_TGTCPU)
		{42DF76F6-D58D-4A5C-AC72-A84F71590707}.TI_EVM_3530_ARMV4I Debug|Platform Builder (_TGTCPU).Deploy.0 = Debug|Platform Builder (_TGTCPU)
		{42DF76F6-D58D-4A5C-AC72-A84F71590707}.TI_EVM_3530_ARMV4I Release|Platform Builder (_TGTCPU).ActiveCfg = Release|Platform Builder (_TGTCPU)
		{42DF76F6-D58D-4A5C-AC72-A84F71590707}.TI_EVM_3530_ARMV4I Release|Platform Builder (_TGTCPU).Deploy.0 = Release|Platform Builder (_TGTCPU)
		{7FBD9B2E-0C45-4532-B12B-872C79D31E8C}.Debug|Platform Builder (_TGTCPU).ActiveCfg = Debug|Platform Builder (_TGTCPU)
		{7FBD9B2E-0C45-4532-B12B-872C79D31E8C}.Debug|Platform Builder (_TGTCPU).Deploy.0 = Debug|Platform Builder (_TGTCPU)
		{7FBD9B2E-0C45-4532-B12B-872C79D31E8C}.Release|Platform Builder (_TGTCPU).ActiveCfg = Release|Platform Builder (_TGTCPU)
		{7FBD9B2E-0C45-4532-B12B-872C79D31E8C}.Release|Platform Builder (_TGTCPU).Deploy.0 = Release|Platform Builder (_TGTCPU)
		{7FBD9B2E-0C45-4532-B12B-872C79D31E8C}.TI_EVM_3530_ARMV4I Debug|Platform Builder (_TGTCPU).ActiveCfg = Debug|Platform Builder (_TGTCPU)
		{7FBD9B2E-0C45-4532-B12B-872C79D31E8C}.TI_EVM_3530_ARMV4I Debug|Platform Builder (_TGTCPU).Deploy.0 = Debug|Platform Builder (_TGTCPU)
		{7FBD9B2E-0C45-4532-B12B-872C79D31E8C}.TI_EVM_3530_ARMV4I Release|Platform Builder (_TGTCPU).ActiveCfg = Release|Platform Builder (_TGTCPU)
		{7FBD9B2E-0C45-4532-B12B-872C79D31E8C}.TI_EVM_3530_ARMV4I Release|Platform Builder (_TGTCPU).Deploy.0 = Release|Platform Builder (_TGTCPU)
		{724C5FAF-D297-4038-9E41-C200FE6E87DB}.Debug|Platform Builder (_TGTCPU).ActiveCfg = Debug|Platform Builder (_TGTCPU)
		{724C5FAF-D297-4038-9E41-C200FE6E87DB}.Debug|Platform Builder (_TGTCPU).Deploy.0 = Debug|Platform Builder (_TGTCPU)
		{724C5FAF-D297-4038-9E41-C200FE6E87DB}.Release|Platform Builder (_TGTCPU).ActiveCfg = Release|Platform Builder (_TGTCPU)
		{724C5FAF-D297-4038-9E41-C200FE6E87DB}.Release|Platform Builder (_TGTCPU).Deploy.0 = Release|Platform Builder (_TGTCPU)
		{724C5FAF-D297-4038-9E41-C200FE6E87DB}.TI_EVM_3530_ARMV4I Debug|Platform Builder (_TGTCPU).ActiveCfg = Debug|Platform Builder (_TGTCPU)
		{724C5FAF-D297-4038-9E41-C200FE6E87DB}.TI_EVM_3530_ARMV4I Debug|Platform Builder (_TGTCPU).Deploy.0 = Debug|Platform Builder (_TGTCPU)
		{724C5FAF-D297-4038-9E41-C200FE6E87DB}.TI_EVM_3530_ARMV4I Release|Platform Builder (_TGTCPU).ActiveCfg = Release|Platform Builder (_TGTCPU)
		{724C5FAF-D297-4038-9E41-C200FE6E87DB}.TI_EVM_3530_ARMV4I Release|Platform Builder (_TGTCPU).Deploy.0 = Release|Platform Builder (_TGTCPU)
		{58F494EC-2B90-4061-9D0F-0210AC2FE16E}.Debug|Platform Builder (_TGTCPU).ActiveCfg = Debug|Platform Builder (_TGTCPU)
		{58F494EC-2B90-4061-9D0F-0210AC2FE16E}.Debug|Platform Builder (_TGTCPU).Deploy.0 = Debug|Platform Builder (_TGTCPU)
		{58F494EC-2B90-4061-9D0F-0210AC2FE16E}.Release|Platform Builder (_TGTCPU).ActiveCfg = Release|Platform Builder (_TGTCPU)
		{58F494EC-2B90-4061-9D0F-0210AC2FE16E}.Release|Platform Builder (_TGTCPU).Deploy.0 = Release|Platform Builder (_TGTCPU)
		{58F494EC-2B90-4061-9D0F-0210AC2FE16E}.TI_EVM_3530_ARMV4I Debug|Platform Builder (_TGTCPU).ActiveCfg = Debug|Platform Builder (_TGTCPU)
		{58F494EC-2B90-4061-9D0F-0210AC2FE16E}.TI_EVM_3530_ARMV4I Debug|Platform Builder (_TGTCPU).Deploy.0 = Debug|Platform Builder (_TGTCPU)
		{58F494EC-2B90-4061-9D0F-0210AC2FE16E}.TI_EVM_3530_ARMV4I Release|Platform Builder (_TGTCPU).ActiveCfg = Release|Platform Builder (_TGTCPU)
		{58F494EC-2B90-4061-9D0F-0210AC2FE16E}.TI_EVM_3530_ARMV4I Release|Platform Builder (_TGTCPU).Deploy.0 = Release|Platform Builder (_TGTCPU)
		{F35D22DB-F8D2-4785-9957-D129913E5F20}.Debug|Platform Builder (_TGTCPU).ActiveCfg = Debug|Platform Builder (_TGTCPU)
		{F35D22DB-F8D2-4785-9957-D129913E5F20}.Debug|Platform Builder (_TGTCPU).Deploy.0 = Debug|Platform Builder (_TGTCPU)
		{F35D22DB-F8D2-4785-9957-D129913E5F20}.Release|Platform Builder (_TGTCPU).ActiveCfg = Release|Platform Builder (_TGTCPU)
		{F35D22DB-F8D2-4785-9957-D129913E5F20}.Release|Platform Builder (_TGTCPU).Deploy.0 = Release|Platform Builder (_TGTCPU)
		{F35D22DB-F8D2-4785-9957-D129913E5F20}.TI_EVM_3530_ARMV4I Debug|Platform Builder (_TGTCPU).ActiveCfg = Debug|Platform Builder (_TGTCPU)
		{F35D22DB-F8D2-4785-9957-D129913E5F20}.TI_EVM_3530_ARMV4I Debug|Platform Builder (_TGTCPU).Deploy.0 = Debug|Platform Builder (_TGTCPU)
		{F35D22DB-F8D2-4785-9957-D129913E5F20}.TI_EVM_3530_ARMV4I Release|Platform Builder (_TGTCPU).ActiveCfg = Release|Platform Builder (_TGTCPU)
		{F35D22DB-F8D2-4785-9957-D129913E5F20}.TI_EVM_3530_ARMV4I Release|Platform Builder (_TGTCPU).Deploy.0 = Release|Platform Builder (_TGTCPU)
		{8ED6E4AC-FD21-4097-AFA8-94196A8C5883}.Debug|Platform Builder (_TGTCPU).ActiveCfg = Debug|Platform Builder (_TGTCPU)
		{8ED6E4AC-FD21-4097-AFA8-94196A8C5883}.Debug|Platform Builder (_TGTCPU).Deploy.0 = Debug|Platform Builder (_TGTCPU)
		{8ED6E4AC-FD21-4097-AFA8-94196A8C5883}.Release|Platform Builder (_TGTCPU).ActiveCfg = Release|Platform Builder (_TGTCPU)
		{8ED6E4AC-FD21-4097-AFA8-94196A8C5883}.Release|Platform Builder (_TGTCPU).Deploy.0 = Release|Platform Builder (_TGTCPU)
		{8ED6E4AC-FD21-4097-AFA8-94196A8C5883}.TI_EVM_3530_ARMV4I Debug|Platform Builder (_TGTCPU).ActiveCfg = Debug|Platform Builder (_TGTCPU)
		{8ED6E4AC-FD21-4097-AFA8-94196A8C5883}.TI_EVM_3530_ARMV4I Debug|Platform Builder (_TGTCPU).Deploy.0 = Debug|Platform Builder (_TGTCPU)
		{8ED6E4AC-FD21-4097-AFA8-94196A8C5883}.TI_EVM_3530_ARMV4I Release|Platform Builder (_TGTCPU).ActiveCfg = Release|Platform Builder (_TGTCPU)
		{8ED6E4AC-FD21-4097-AFA8-94196A8C5883}.TI_EVM_3530_ARMV4I Release|Platform Builder (_TGTCPU).Deploy.0 = Release|Platform Builder (_TGTCPU)
		{6DF07538-D4F2-416D-97EC-143FB0B1EED1}.Debug|Platform Builder (_TGTCPU).ActiveCfg = Debug|Platform Builder (_TGTCPU)
		{6DF07538-D4F2-416D-97EC-143FB0B1EED1}.Debug|Platform Builder (_TGTCPU).Deploy.0 = Debug|Platform Builder (_TGTCPU)
		{6DF07538-D4F2-416D-97EC-143FB0B1EED1}.Release|Platform Builder (_TGTCPU).ActiveCfg = Release|Platform Builder (_TGTCPU)
		{6DF07538-D4F2-416D-97EC-143FB0B1EED1}.Release|Platform Builder (_TGTCPU).Deploy.0 = Release|Platform Builder (_TGTCPU)
		{6DF07538-D4F2-416D-97EC-143FB0B1EED1}.TI_EVM_3530_ARMV4I Debug|Platform Builder (_TGTCPU).ActiveCfg = Debug|Platform Builder (_TGTCPU)
		{6DF07538-D4F2-416D-97EC-143FB0B1EED1}.TI_EVM_3530_ARMV4I Debug|Platform Builder (_TGTCPU).Deploy.0 = Debug|Platform Builder (_TGTCPU)
		{6DF07538-D4F2-416D-97EC-143FB0B1EED1}.TI_EVM_3530_ARMV4I Release|Platform Builder (_TGTCPU).ActiveCfg = Release|Platform Builder (_TGTCPU)
		{6DF07538-D4F2-416D-97EC-143FB0B1EED1}.TI_EVM_3530_ARMV4I Release|Platform Builder (_TGTCPU).Deploy.0 = Release|Platform Builder (_TGTCPU)
		{C9CD0B05-F93E-4FA5-8B9D-BCEF06C93AFE}.Debug|Platform Builder (_TGTCPU).ActiveCfg = Debug|Platform Builder (_TGTCPU)
		{C9CD0B05-F93E-4FA5-8B9D-BCEF06C93AFE}.Debug|Platform Builder (_TGTCPU).Deploy.0 = Debug|Platform Builder (_TGTCPU)
		{C9CD0B05-F93E-4FA5-8B9D-BCEF06C93AFE}.Release|Platform Builder (_TGTCPU).ActiveCfg = Release|Platform Builder (_TGTCPU)
		{C9CD0B05-F93E-4FA5-8B9D-BCEF06C93AFE}.Release|Platform Builder (_TGTCPU).Deploy.0 = Release|Platform Builder (_TGTCPU)
		{C9CD0B05-F93E-4FA5-8B9D-BCEF06C93AFE}.TI_EVM_3530_ARMV4I Debug|Platform Builder (_TGTCPU).ActiveCfg = Debug|Platform Builder (_TGTCPU)
		{C9CD0B05-F93E-4FA5-8B9D-BCEF06C93AFE}.TI_EVM_3530_ARMV4I Debug|Platform Builder (_TGTCPU).Deploy.0 = Debug|Platform Builder (_TGTCPU)
		{C9CD0B05-F93E-4FA5-8B9D-BCEF06C93AFE}.TI_EVM_3530_ARMV4I Release|Platform Builder (_TGTCPU).ActiveCfg = Release|Platform Builder (_TGTCPU)
		{C9CD0B05-F93E-4FA5-8B9D-BCEF06C93AFE}.TI_EVM_3530_ARMV4I Release|Platform Builder (_TGTCPU).Deploy.0 = Release|Platform Builder (_TGTCPU)
		{69972CFC-6CD4-45DA-AB57-968E74F691A9}.Debug|Platform Builder (_TGTCPU).ActiveCfg = Debug|Platform Builder (_TGTCPU)
		{69972CFC-6CD4-45DA-AB57-968E74F691A9}.Debug|Platform Builder (_TGTCPU).Deploy.0 = Debug|Platform Builder (_TGTCPU)
		{69972CFC-6CD4-45DA-AB57-968E74F691A9}.Release|Platform Builder (_TGTCPU).ActiveCfg = Release|Platform Builder (_TGTCPU)
		{69972CFC-6CD4-45DA-AB57-968E74F691A9}.Release|Platform Builder (_TGTCPU).Deploy.0 = Release|Platform Builder (_TGTCPU)
		{69972CFC-6CD4-45DA-AB57-968E74F691A9}.TI_EVM_3530_ARMV4I Debug|Platform Builder (_TGTCPU).ActiveCfg = Debug|Platform Builder (_TGTCPU)
		{69972CFC-6CD4-45DA-AB57-968E74F691A9}.TI_EVM_3530_ARMV4I Debug|Platform Builder (_TGTCPU).Deploy.0 = Debug|Platform Builder (_TGTCPU)
		{69972CFC-6CD4-45DA-AB57-968E74F691A9}.TI_EVM_3530_ARMV4I Release|Platform Builder (_TGTCPU).ActiveCfg = Release|Platform Builder (_TGTCPU)
		{69972CFC-6CD4-45DA-AB57-968E74F691A9}.TI_EVM_3530_ARMV4I Release|Platform Builder (_TGTCPU).Deploy.0 = Release|Platform Builder (_TGTCPU)
		{194FF4DE-1E72-4CD2-9B5E-9F8CD421DCE8}.Debug|Platform Builder (_TGTCPU).ActiveCfg = Debug|Platform Builder (_TGTCPU)
		{194FF4DE-1E72-4CD2-9B5E-9F8CD421DCE8}.Debug|Platform Builder (_TGTCPU).Deploy.0 = Debug|Platform Builder (_TGTCPU)
		{194FF4DE-1E72-4CD2-9B5E-9F8CD421DCE8}.Release|Platform Builder (_TGTCPU).ActiveCfg = Release|Platform Builder (_TGTCPU)
		{194FF4DE-1E72-4CD2-9B5E-9F8CD421DCE8}.Release|Platform Builder (_TGTCPU).Deploy.0 = Release|Platform Builder (_TGTCPU)
		{194FF4DE-1E72-4CD2-9B5E-9F8CD421DCE8}.TI_EVM_3530_ARMV4I Debug|Platform Builder (_TGTCPU).ActiveCfg = Debug|Platform Builder (_TGTCPU)
		{194FF4DE-1E72-4CD2-9B5E-9F8CD421DCE8}.TI_EVM_3530_ARMV4I Debug|Platform Builder (_TGTCPU).Deploy.0 = Debug|Platform Builder (_TGTCPU)
		{194FF4DE-1E72-4CD2-9B5E-9F8CD421DCE8}.TI_EVM_3530_ARMV4I Release|Platform Builder (_TGTCPU).ActiveCfg = Release|Platform Builder (_TGTCPU)
		{194FF4DE-1E72-4CD2-9B5E-9F8CD421DCE8}.TI_EVM_3530_ARMV4I Release|Platform Builder (_TGTCPU).Deploy.0 = Release|Platform Builder (_TGTCPU)
		{26ADB44B-6ACB-4F26-B52D-657DB281E632}.Debug|Platform Builder (_TGTCPU).ActiveCfg = Debug|Platform Builder (_TGTCPU)
		{26ADB44B-6ACB-4F26-B52D-657DB281E632}.Debug|Platform Builder (_TGTCPU).Deploy.0 = Debug|Platform Builder (_TGTCPU)
		{26ADB44B-6ACB-4F26-B52D-657DB281E632}.Release|Platform Builder (_TGTCPU).ActiveCfg = Release|Platform Builder (_TGTCPU)
		{26ADB44B-6ACB-4F26-B52D-657DB281E632}.Release|Platform Builder (_TGTCPU).Deploy.0 = Release|Platform Builder (_TGTCPU)
		{26ADB44B-6ACB-4F26-B52D-657DB281E632}.TI_EVM_3530_ARMV4I Debug|Platform Builder (_TGTCPU).ActiveCfg = Debug|Platform Builder (_TGTCPU)
		{26ADB44B-6ACB-4F26-B52D-657DB281E632}.TI_EVM_3530_ARMV4I Debug|Platform Builder (_TGTCPU).Deploy.0 = Debug|Platform Builder (_TGTCPU)
		{26ADB44B-6ACB-4F26-B52D-657DB281E632}.TI_EVM_3530_ARMV4I Release|Platform Builder (_TGTCPU).ActiveCfg = Release|Platform Builder (_TGTCPU)
		{26ADB44B-6ACB-4F26-B52D-657DB281E632}.TI_EVM_3530_ARMV4I Release|Platform Builder (_TGTCPU).Deploy.0 = Release|Platform Builder (_TGTCPU)
		{6A564B6B-25F4-461F-B9A7-FD562D3EB9FA}.Debug|Platform Builder (_TGTCPU).ActiveCfg = Debug|Platform Builder (_TGTCPU)
		{6A564B6B-25F4-461F-B9A7-FD562D3EB9FA}.Debug|Platform Builder (_TGTCPU).Deploy.0 = Debug|Platform Builder (_TGTCPU)
		{6A564B6B-25F4-461F-B9A7-FD562D3EB9FA}.Release|Platform Builder (_TGTCPU).ActiveCfg = Release|Platform Builder (_TGTCPU)
		{6A564B6B-25F4-461F-B9A7-FD562D3EB9FA}.Release|Platform Builder (_TGTCPU).Deploy.0 = Release|Platform Builder (_TGTCPU)
		{6A564B6B-25F4-461F-B9A7-FD562D3EB9FA}.TI_EVM_3530_ARMV4I Debug|Platform Builder (_TGTCPU).ActiveCfg = Debug|Platform Builder (_TGTCPU)
		{6A564B6B-25F4-461F-B9A7-FD562D3EB9FA}.TI_EVM_3530_ARMV4I Debug|Platform Builder (_TGTCPU).Deploy.0 = Debug|Platform Builder (_TGTCPU)
		{6A564B6B-25F4-461F-B9A7-FD562D3EB9FA}.TI_EVM_3530_ARMV4I Release|Platform Builder (_TGTCPU).ActiveCfg = Release|Platform Builder (_TGTCPU)
		{6A564B6B-25F4-461F-B9A7-FD562D3EB9FA}.TI_EVM_3530_ARMV4I Release|Platform Builder (_TGTCPU).Deploy.0 = Release|Platform Builder (_TGTCPU)
		{A97A0910-EC77-441B-9B06-920CE9332DD2}.Debug|Platform Builder (_TGTCPU).ActiveCfg = Debug|Platform Builder (_TGTCPU)
		{A97A0910-EC77-441B-9B06-920CE9332DD2}.Debug|Platform Builder (_TGTCPU).Deploy.0 = Debug|Platform Builder (_TGTCPU)
		{A97A0910-EC77-441B-9B06-920CE9332DD2}.Release|Platform Builder (_TGTCPU).ActiveCfg = Release|Platform Builder (_TGTCPU)
		{A97A0910-EC77-441B-9B06-920CE9332DD2}.Release|Platform Builder (_TGTCPU).Deploy.0 = Release|Platform Builder (_TGTCPU)
		{A97A0910-EC77-441B-9B06-920CE9332DD2}.TI_EVM_3530_ARMV4I Debug|Platform Builder (_TGTCPU).ActiveCfg = Debug|Platform Builder (_TGTCPU)
		{A97A0910-EC77-441B-9B06-920CE9332DD2}.TI_EVM_3530_ARMV4I Debug|Platform Builder (_TGTCPU).Deploy.0 = Debug|Platform Builder (_TGTCPU)
		{A97A0910-EC77-441B-9B06-920CE9332DD2}.TI_EVM_3530_ARMV4I Release|Platform Builder (_TGTCPU).ActiveCfg = Release|Platform Builder (_TGTCPU)
		{A97A0910-EC77-441B-9B06-920CE9332DD2}.TI_EVM_3530_ARMV4I Release|Platform Builder (_TGTCPU).Deploy.0 = Release|Platform Builder (_TGTCPU)
		{94C24D37-9358-4779-BD3E-838BDC6084F9}.Debug|Platform Builder (_TGTCPU).ActiveCfg = Debug|Platform Builder (_TGTCPU)
		{94C24D37-9358-4779-BD3E-838BDC6084F9}.Debug|Platform Builder (_TGTCPU).Deploy.0 = Debug|Platform Builder (_TGTCPU)
		{94C24D37-9358-4779-BD3E-838BDC6084F9}.Release|Platform Builder (_TGTCPU).ActiveCfg = Release|Platform Builder (_TGTCPU)
		{94C24D37-9358-4779-BD3E-838BDC6084F9}.Release|Platform Builder (_TGTCPU).Deploy.0 = Release|Platform Builder (_TGTCPU)
		{94C24D37-9358-4779-BD3E-838BDC6084F9}.TI_EVM_3530_ARMV4I Debug|Platform Builder (_TGTCPU).ActiveCfg = Debug|Platform Builder (_TGTCPU)
		{94C24D37-9358-4779-BD3E-838BDC6084F9}.TI_EVM_3530_ARMV4I Debug|Platform Builder (_TGTCPU).Deploy.0 = Debug|Platform Builder (_TGTCPU)
		{94C24D37-9358-4779-BD3E-838BDC6084F9}.TI_EVM_3530_ARMV4I Release|Platform Builder (_TGTCPU).ActiveCfg = Release|Platform Builder (_TGTCPU)
		{94C24D37-9358-4779-BD3E-838BDC6084F9}.TI_EVM_3530_ARMV4I Release|Platform Builder (_TGTCPU).Deploy.0 = Release|Platform Builder (_TGTCPU)
		{6FF76563-F04A-42A2-8068-1B73210A2D06}.Debug|Platform Builder (_TGTCPU).ActiveCfg = Debug|Platform Builder (_TGTCPU)
		{6FF76563-F04A-42A2-8068-1B73210A2D06}.Debug|Platform Builder (_TGTCPU).Deploy.0 = Debug|Platform Builder (_TGTCPU)
		{6FF76563-F04A-42A2-8068-1B73210A2D06}.Release|Platform Builder (_TGTCPU).ActiveCfg = Release|Platform Builder (_TGTCPU)
		{6FF76563-F04A-42A2-8068-1B73210A2D06}.Release|Platform Builder (_TGTCPU).Deploy.0 = Release|Platform Builder (_TGTCPU)
		{6FF76563-F04A-42A2-8068-1B73210A2D06}.TI_EVM_3530_ARMV4I Debug|Platform Builder (_TGTCPU).ActiveCfg = Debug|Platform Builder (_TGTCPU)
		{6FF76563-F04A-42A2-8068-1B73210A2D06}.TI_EVM_3530_ARMV4I Debug|Platform Builder (_TGTCPU).Deploy.0 = Debug|Platform Builder (_TGTCPU)
		{6FF76563-F04A-42A2-8068-1B73210A2D06}.TI_EVM_3530_ARMV4I Release|Platform Builder (_TGTCPU).ActiveCfg = Release|Platform Builder (_TGTCPU)
		{6FF76563-F04A-42A2-8068-1B73210A2D06}.TI_EVM_3530_ARMV4I Release|Platform Builder (_TGTCPU).Deploy.0 = Release|Platform Builder (_TGTCPU)
		{7198813A-48C6-42E4-B130-8685DF875175}.Debug|Platform Builder (_TGTCPU).ActiveCfg = Debug|Platform Builder (_TGTCPU)
		{7198813A-48C6-42E4-B130-8685DF875175}.Debug|Platform Builder (_TGTCPU).Deploy.0 = Debug|Platform Builder (_TGTCPU)
		{7198813A-48C6-42E4-B130-8685DF875175}.Release|Platform Builder (_TGTCPU).ActiveCfg = Release|Platform Builder (_TGTCPU)
		{7198813A-48C6-42E4-B130-8685DF875175}.Release|Platform Builder (_TGTCPU).Deploy.0 = Release|Platform Builder (_TGTCPU)
		{7198813A-48C6-42E4-B130-8685DF875175}.TI_EVM_3530_ARMV4I Debug|Platform Builder (_TGTCPU).ActiveCfg = Debug|Platform Builder (_TGTCPU)
		{7198813A-48C6-42E4-B130-8685DF875175}.TI_EVM_3530_ARMV4I Debug|Platform Builder (_TGTCPU).Deploy.0 = Debug|Platform Builder (_TGTCPU)
		{7198813A-48C6-42E4-B130-8685DF875175}.TI_EVM_3530_ARMV4I Release|Platform Builder (_TGTCPU).ActiveCfg = Release|Platform Builder (_TGTCPU)
		{7198813A-48C6-42E4-B130-8685DF875175}.TI_EVM_3530_ARMV4I Release|Platform Builder (_TGTCPU).Deploy.0 = Release|Platform Builder (_TGTCPU)
		{0A91E02B-03EC-4BE0-9BCB-94BDB63E10F2}.Debug|Platform Builder (_TGTCPU).ActiveCfg = Debug|Platform Builder (_TGTCPU)
		{0A91E02B-03EC-4BE0-9BCB-94BDB63E10F2}.Debug|Platform Builder (_TGTCPU).Deploy.0 = Debug|Platform Builder (_TGTCPU)
		{0A91E02B-03EC-4BE0-9BCB-94BDB63E10F2}.Release|Platform Builder (_TGTCPU).ActiveCfg = Release|Platform Builder (_TGTCPU)
		{0A91E02B-03EC-4BE0-9BCB-94BDB63E10F2}.Release|Platform Builder (_TGTCPU).Deploy.0 = Release|Platform Builder (_TGTCPU)
		{0A91E02B-03EC-4BE0-9BCB-94BDB63E10F2}.TI_EVM_3530_ARMV4I Debug|Platform Builder (_TGTCPU).ActiveCfg = Debug|Platform Builder (_TGTCPU)
		{0A91E02B-03EC-4BE0-9BCB-94BDB63E10F2}.TI_EVM_3530_ARMV4I Debug|Platform Builder (_TGTCPU).Deploy.0 = Debug|Platform Builder (_TGTCPU)
		{0A91E02B-03EC-4BE0-9BCB-94BDB63E10F2}.TI_EVM_3530_ARMV4I Release|Platform Builder (_TGTCPU).ActiveCfg = Release|Platform Builder (_TGTCPU)
		{0A91E02B-03EC-4BE0-9BCB-94BDB63E10F2}.TI_EVM_3530_ARMV4I Release|Platform Builder (_TGTCPU).Deploy.0 = Release|Platform Builder (_TGTCPU)
		{6EFC7EBD-DBEF-4FC0-B20F-DF32CD190A82}.Debug|Platform Builder (_TGTCPU).ActiveCfg = Debug|Platform Builder (_TGTCPU)
		{6EFC7EBD-DBEF-4FC0-B20F-DF32CD190A82}.Debug|Platform Builder (_TGTCPU).Deploy.0 = Debug|Platform Builder (_TGTCPU)
		{6EFC7EBD-DBEF-4FC0-B20F-DF32CD190A82}.Release|Platform Builder (_TGTCPU).ActiveCfg = Release|Platform Builder (_TGTCPU)
		{6EFC7EBD-DBEF-4FC0-B20F-DF32CD190A82}.Release|Platform Builder (_TGTCPU).Deploy.0 = Release|Platform Builder (_TGTCPU)
		{6EFC7EBD-DBEF-4FC0-B20F-DF32CD190A82}.TI_EVM_3530_ARMV4I Debug|Platform Builder (_TGTCPU).ActiveCfg = Debug|Platform Builder (_TGTCPU)
		{6EFC7EBD-DBEF-4FC0-B20F-DF32CD190A82}.TI_EVM_3530_ARMV4I Debug|Platform Builder (_TGTCPU).Deploy.0 = Debug|Platform Builder (_TGTCPU)
		{6EFC7EBD-DBEF-4FC0-B20F-DF32CD190A82}.TI_EVM_3530_ARMV4I Release|Platform Builder (_TGTCPU).ActiveCfg = Release|Platform Builder (_TGTCPU)
		{6EFC7EBD-DBEF-4FC0-B20F-DF32CD190A82}.TI_EVM_3530_ARMV4I Release|Platform Builder (_TGTCPU).Deploy.0 = Release|Platform Builder (_TGTCPU)
		{08569BB1-F5AB-48CA-B68E-4F060004967B}.Debug|Platform Builder (_TGTCPU).ActiveCfg = Debug|Platform Builder (_TGTCPU)
		{08569BB1-F5AB-48CA-B68E-4F060004967B}.Debug|Platform Builder (_TGTCPU).Deploy.0 = Debug|Platform Builder (_TGTCPU)
		{08569BB1-F5AB-48CA-B68E-4F060004967B}.Release|Platform Builder (_TGTCPU).ActiveCfg = Release|Platform Builder (_TGTCPU)
		{08569BB1-F5AB-48CA-B68E-4F060004967B}.Release|Platform Builder (_TGTCPU).Deploy.0 = Release|Platform Builder (_TGTCPU)
		{08569BB1-F5AB-48CA-B68E-4F060004967B}.TI_EVM_3530_ARMV4I Debug|Platform Builder (_TGTCPU).ActiveCfg = Debug|Platform Builder (_TGTCPU)
		{08569BB1-F5AB-48CA-B68E-4F060004967B}.TI_EVM_3530_ARMV4I Debug|Platform Builder (_TGTCPU).Deploy.0 = Debug|Platform Builder (_TGTCPU)
		{08569BB1-F5AB-48CA-B68E-4F060004967B}.TI_EVM_3530_ARMV4I Release|Platform Builder (_TGTCPU).ActiveCfg = Release|Platform Builder (_TGTCPU)
		{08569BB1-F5AB-48CA-B68E-4F060004967B}.TI_EVM_3530_ARMV4I Release|Platform Builder (_TGTCPU).Deploy.0 = Release|Platform Builder (_TGTCPU)
		{5470B5AF-5A3F-4A24-B0BE-91D858A7E8FC}.Debug|Platform Builder (_TGTCPU).ActiveCfg = Debug|Platform Builder (_TGTCPU)
		{5470B5AF-5A3F-4A24-B0BE-91D858A7E8FC}.Debug|Platform Builder (_TGTCPU).Deploy.0 = Debug|Platform Builder (_TGTCPU)
		{5470B5AF-5A3F-4A24-B0BE-91D858A7E8FC}.Release|Platform Builder (_TGTCPU).ActiveCfg = Release|Platform Builder (_TGTCPU)
		{5470B5AF-5A3F-4A24-B0BE-91D858A7E8FC}.Release|Platform Builder (_TGTCPU).Deploy.0 = Release|Platform Builder (_TGTCPU)
		{5470B5AF-5A3F-4A24-B0BE-91D858A7E8FC}.TI_EVM_3530_ARMV4I Debug|Platform Builder (_TGTCPU).ActiveCfg = Debug|Platform Builder (_TGTCPU)
		{5470B5AF-5A3F-4A24-B0BE-91D858A7E8FC}.TI_EVM_3530_ARMV4I Debug|Platform Builder (_TGTCPU).Deploy.0 = Debug|Platform Builder (_TGTCPU)
		{5470B5AF-5A3F-4A24-B0BE-91D858A7E8FC}.TI_EVM_3530_ARMV4I Release|Platform Builder (_TGTCPU).ActiveCfg = Release|Platform Builder (_TGTCPU)
		{5470B5AF-5A3F-4A24-B0BE-91D858A7E8FC}.TI_EVM_3530_ARMV4I Release|Platform Builder (_TGTCPU).Deploy.0 = Release|Platform Builder (_TGTCPU)
		{1F329F3E-3243-4A24-8019-B56282BA0272}.Debug|Platform Builder (_TGTCPU).ActiveCfg = Debug|Platform Builder (_TGTCPU)
		{1F329F3E-3243-4A24-8019-B56282BA0272}.Debug|Platform Builder (_TGTCPU).Deploy.0 = Debug|Platform Builder (_TGTCPU)
		{1F329F3E-3243-4A24-8019-B56282BA0272}.Release|Platform Builder (_TGTCPU).ActiveCfg = Release|Platform Builder (_TGTCPU)
		{1F329F3E-3243-4A24-8019-B56282BA0272}.Release|Platform Builder (_TGTCPU).Deploy.0 = Release|Platform Builder (_TGTCPU)
		{1F329F3E-3243-4A24-8019-B56282BA0272}.TI_EVM_3530_ARMV4I Debug|Platform Builder (_TGTCPU).ActiveCfg = Debug|Platform Builder (_TGTCPU)
		{1F329F3E-3243-4A24-8019-B56282BA0272}.TI_EVM_3530_ARMV4I Debug|Platform Builder (_TGTCPU).Deploy.0 = Debug|Platform Builder (_TGTCPU)
		{1F329F3E-3243-4A24-8019-B56282BA0272}.TI_EVM_3530_ARMV4I Release|Platform Builder (_TGTCPU).ActiveCfg = Release|Platform Builder (_TGTCPU)
		{1F329F3E-3243-4A24-8019-B56282BA0272}.TI_EVM_3530_ARMV4I Release|Platform Builder (_TGTCPU).Deploy.0 = Release|Platform Builder (_TGTCPU)
		{CF04DD2C-9F94-47B1-B2FA-B6C45C1E6365}.Debug|Platform Builder (_TGTCPU).ActiveCfg = Debug|Platform Builder (_TGTCPU)
		{CF04DD2C-9F94-47B1-B2FA-B6C45C1E6365}.Debug|Platform Builder (_TGTCPU).Deploy.0 = Debug|Platform Builder (_TGTCPU)
		{CF04DD2C-9F94-47B1-B2FA-B6C45C1E6365}.Release|Platform Builder (_TGTCPU).ActiveCfg = Release|Platform Builder (_TGTCPU)
		{CF04DD2C-9F94-47B1-B2FA-B6C45C1E6365}.Release|Platform Builder (_TGTCPU).Deploy.0 = Release|Platform Builder (_TGTCPU)
		{CF04DD2C-9F94-47B1-B2FA-B6C45C1E6365}.TI_EVM_3530_ARMV4I Debug|Platform Builder (_TGTCPU).ActiveCfg = Debug|Platform Builder (_TGTCPU)
		{CF04DD2C-9F94-47B1-B2FA-B6C45C1E6365}.TI_EVM_3530_ARMV4I Debug|Platform Builder (_TGTCPU).Deploy.0 = Debug|Platform Builder (_TGTCPU)
		{CF04DD2C-9F94-47B1-B2FA-B6C45C1E6365}.TI_EVM_3530_ARMV4I Release|Platform Builder (_TGTCPU).ActiveCfg = Release|Platform Builder (_TGTCPU)
		{CF04DD2C-9F94-47B1-B2FA-B6C45C1E6365}.TI_EVM_3530_ARMV4I Release|Platform Builder (_TGTCPU).Deploy.0 = Release|Platform Builder (_TGTCPU)
		{425A9C80-7EA8-40B7-85FD-75B2DE428C7C}.Debug|Platform Builder (_TGTCPU).ActiveCfg = Debug|Platform Builder (_TGTCPU)
		{425A9C80-7EA8-40B7-85FD-75B2DE428C7C}.Debug|Platform Builder (_TGTCPU).Deploy.0 = Debug|Platform Builder (_TGTCPU)
		{425A9C80-7EA8-40B7-85FD-75B2DE428C7C}.Release|Platform Builder (_TGTCPU).ActiveCfg = Release|Platform Builder (_TGTCPU)
		{425A9C80-7EA8-40B7-85FD-75B2DE428C7C}.Release|Platform Builder (_TGTCPU).Deploy.0 = Release|Platform Builder (_TGTCPU)
		{425A9C80-7EA8-40B7-85FD-75B2DE428C7C}.TI_EVM_3530_ARMV4I Debug|Platform Builder (_TGTCPU).ActiveCfg = Debug|Platform Builder (_TGTCPU)
		{425A9C80-7EA8-40B7-85FD-75B2DE428C7C}.TI_EVM_3530_ARMV4I Debug|Platform Builder (_TGTCPU).Deploy.0 = Debug|Platform Builder (_TGTCPU)
		{425A9C80-7EA8-40B7-85FD-75B2DE428C7C}.TI_EVM_3530_ARMV4I Release|Platform Builder (_TGTCPU).ActiveCfg = Release|Platform Builder (_TGTCPU)
		{425A9C80-7EA8-40B7-85FD-75B2DE428C7C}.TI_EVM_3530_ARMV4I Release|Platform Builder (_TGTCPU).Deploy.0 = Release|Platform Builder (_TGTCPU)
		{C09F306D-D702-417E-AC5A-159AAC19A496}.Debug|Platform Builder (_TGTCPU).ActiveCfg = Debug|Platform Builder (_TGTCPU)
		{C09F306D-D702-417E-AC5A-159AAC19A496}.Debug|Platform Builder (_TGTCPU).Deploy.0 = Debug|Platform Builder (_TGTCPU)
		{C09F306D-D702-417E-AC5A-159AAC19A496}.Release|Platform Builder (_TGTCPU).ActiveCfg = Release|Platform Builder (_TGTCPU)
		{C09F306D-D702-417E-AC5A-159AAC19A496}.Release|Platform Builder (_TGTCPU).Deploy.0 = Release|Platform Builder (_TGTCPU)
		{C09F306D-D702-417E-AC5A-159AAC19A496}.TI_EVM_3530_ARMV4I Debug|Platform Builder (_TGTCPU).ActiveCfg = Debug|Platform Builder (_TGTCPU)
		{C09F306D-D702-417E-AC5A-159AAC19A496}.TI_EVM_3530_ARMV4I Debug|Platform Builder (_TGTCPU).Deploy.0 = Debug|Platform Builder (_TGTCPU)
		{C09F306D-D702-417E-AC5A-159AAC19A496}.TI_EVM_3530_ARMV4I Release|Platform Builder (_TGTCPU).ActiveCfg = Release|Platform Builder (_TGTCPU)
		{C09F306D-D702-417E-AC5A-159AAC19A496}.TI_EVM_3530_ARMV4I Release|Platform Builder (_TGTCPU).Deploy.0 = Release|Platform Builder (_TGTCPU)
		{119A8227-5C14-4CB4-822F-0F58C2921948}.Debug|Platform Builder (_TGTCPU).ActiveCfg = Debug|Platform Builder (_TGTCPU)
		{119A8227-5C14-4CB4-822F-0F58C2921948}.Debug|Platform Builder (_TGTCPU).Deploy.0 = Debug|Platform Builder (_TGTCPU)
		{119A8227-5C14-4CB4-822F-0F58C2921948}.Release|Platform Builder (_TGTCPU).ActiveCfg = Release|Platform Builder (_TGTCPU)
		{119A8227-5C14-4CB4-822F-0F58C2921948}.Release|Platform Builder (_TGTCPU).Deploy.0 = Release|Platform Builder (_TGTCPU)
		{119A8227-5C14-4CB4-822F-0F58C2921948}.TI_EVM_3530_ARMV4I Debug|Platform Builder (_TGTCPU).ActiveCfg = Debug|Platform Builder (_TGTCPU)
		{119A8227-5C14-4CB4-822F-0F58C2921948}.TI_EVM_3530_ARMV4I Debug|Platform Builder (_TGTCPU).Deploy.0 = Debug|Platform Builder (_TGTCPU)
		{119A8227-5C14-4CB4-822F-0F58C2921948}.TI_EVM_3530_ARMV4I Release|Platform Builder (_TGTCPU).ActiveCfg = Release|Platform Builder (_TGTCPU)
		{119A8227-5C14-4CB4-822F-0F58C2921948}.TI_EVM_3530_ARMV4I Release|Platform Builder (_TGTCPU).Deploy.0 = Release|Platform Builder (_TGTCPU)
		{91816711-2859-4FB0-8287-EC7C3E710B35}.Debug|Platform Builder (_TGTCPU).ActiveCfg = Debug|Platform Builder (_TGTCPU)
		{91816711-2859-4FB0-8287-EC7C3E710B35}.Debug|Platform Builder (_TGTCPU).Deploy.0 = Debug|Platform Builder (_TGTCPU)
		{91816711-2859-4FB0-8287-EC7C3E710B35}.Release|Platform Builder (_TGTCPU).ActiveCfg = Release|Platform Builder (_TGTCPU)
		{91816711-2859-4FB0-8287-EC7C3E710B35}.Release|Platform Builder (_TGTCPU).Deploy.0 = Release|Platform Builder (_TGTCPU)
		{91816711-2859-4FB0-8287-EC7C3E710B35}.TI_EVM_3530_ARMV4I Debug|Platform Builder (_TGTCPU).ActiveCfg = Debug|Platform Builder (_TGTCPU)
		{91816711-2859-4FB0-8287-EC7C3E710B35}.TI_EVM_3530_ARMV4I Debug|Platform Builder (_TGTCPU).Deploy.0 = Debug|Platform Builder (_TGTCPU)
		{91816711-2859-4FB0-8287-EC7C3E710B35}.TI_EVM_3530_ARMV4I Release|Platform Builder (_TGTCPU).ActiveCfg = Release|Platform Builder (_TGTCPU)
		{91816711-2859-4FB0-8287-EC7C3E710B35}.TI_EVM_3530_ARMV4I Release|Platform Builder (_TGTCPU).Deploy.0 = Release|Platform Builder (_TGTCPU)
		{1B2A55EB-668D-4F78-B38C-C8877751069E}.Debug|Platform Builder (_TGTCPU).ActiveCfg = Debug|Platform Builder (_TGTCPU)
		{1B2A55EB-668D-4F78-B38C-C8877751069E}.Debug|Platform Builder (_TGTCPU).Deploy.0 = Debug|Platform Builder (_TGTCPU)
		{1B2A55EB-668D-4F78-B38C-C8877751069E}.Release|Platform Builder (_TGTCPU).ActiveCfg = Release|Platform Builder (_TGTCPU)
		{1B2A55EB-668D-4F78-B38C-C8877751069E}.Release|Platform Builder (_TGTCPU).Deploy.0 = Release|Platform Builder (_TGTCPU)
		{1B2A55EB-668D-4F78-B38C-C8877751069E}.TI_EVM_3530_ARMV4I Debug|Platform Builder (_TGTCPU).ActiveCfg = Debug|Platform Builder (_TGTCPU)
		{1B2A55EB-668D-4F78-B38C-C8877751069E}.TI_EVM_3530_ARMV4I Debug|Platform Builder (_TGTCPU).Deploy.0 = Debug|Platform Builder (_TGTCPU)
		{1B2A55EB-668D-4F78-B38C-C8877751069E}.TI_EVM_3530_ARMV4I Release|Platform Builder (_TGTCPU).ActiveCfg = Release|Platform Builder (_TGTCPU)
		{1B2A55EB-668D-4F78-B38C-C8877751069E}.TI_EVM_3530_ARMV4I Release|Platform Builder (_TGTCPU).Deploy.0 = Release|Platform Builder (_TGTCPU)
		{007256B1-F1D2-4242-9C81-4E89ADC14FC0}.Debug|Platform Builder (_TGTCPU).ActiveCfg = Debug|Platform Builder (_TGTCPU)
		{007256B1-F1D2-4242-9C81-4E89ADC14FC0}.Debug|Platform Builder (_TGTCPU).Deploy.0 = Debug|Platform Builder (_TGTCPU)
		{007256B1-F1D2-4242-9C81-4E89ADC14FC0}.Release|Platform Builder (_TGTCPU).ActiveCfg = Release|Platform Builder (_TGTCPU)
		{007256B1-F1D2-4242-9C81-4E89ADC14FC0}.Release|Platform Builder (_TGTCPU).Deploy.0 = Release|Platform Builder (_TGTCPU)
		{007256B1-F1D2-4242-9C81-4E89ADC14FC0}.TI_EVM_3530_ARMV4I Debug|Platform Builder (_TGTCPU).ActiveCfg = Debug|Platform Builder (_TGTCPU)
		{007256B1-F1D2-4242-9C81-4E89ADC14FC0}.TI_EVM_3530_ARMV4I Debug|Platform Builder (_TGTCPU).Deploy.0 = Debug|Platform Builder (_TGTCPU)
		{007256B1-F1D2-4242-9C81-4E89ADC14FC0}.TI_EVM_3530_ARMV4I Release|Platform Builder (_TGTCPU).ActiveCfg = Release|Platform Builder (_TGTCPU)
		{007256B1-F1D2-4242-9C81-4E89ADC14FC0}.TI_EVM_3530_ARMV4I Release|Platform Builder (_TGTCPU).Deploy.0 = Release|Platform Builder (_TGTCPU)
		{AD6B9922-B1C7-477A-AE50-F94B6D9C5CF2}.Debug|Platform Builder (_TGTCPU).ActiveCfg = Debug|Platform Builder (_TGTCPU)
		{AD6B9922-B1C7-477A-AE50-F94B6D9C5CF2}.Debug|Platform Builder (_TGTCPU).Deploy.0 = Debug|Platform Builder (_TGTCPU)
		{AD6B9922-B1C7-477A-AE50-F94B6D9C5CF2}.Release|Platform Builder (_TGTCPU).ActiveCfg = Release|Platform Builder (_TGTCPU)
		{AD6B9922-B1C7-477A-AE50-F94B6D9C5CF2}.Release|Platform Builder (_TGTCPU).Deploy.0 = Release|Platform Builder (_TGTCPU)
		{AD6B9922-B1C7-477A-AE50-F94B6D9C5CF2}.TI_EVM_3530_ARMV4I Debug|Platform Builder (_TGTCPU).ActiveCfg = Debug|Platform Builder (_TGTCPU)
		{AD6B9922-B1C7-477A-AE50-F94B6D9C5CF2}.TI_EVM_3530_ARMV4I Debug|Platform Builder (_TGTCPU).Deploy.0 = Debug|Platform Builder (_TGTCPU)
		{AD6B9922-B1C7-477A-AE50-F94B6D9C5CF2}.TI_EVM_3530_ARMV4I Release|Platform Builder (_TGTCPU).ActiveCfg = Release|Platform Builder (_TGTCPU)
		{AD6B9922-B1C7-477A-AE50-F94B6D9C5CF2}.TI_EVM_3530_ARMV4I Release|Platform Builder (_TGTCPU).Deploy.0 = Release|Platform Builder (_TGTCPU)
		{046B124C-7BCE-4E1C-950D-A18C15F43CD2}.Debug|Platform Builder (_TGTCPU).ActiveCfg = Debug|Platform Builder (_TGTCPU)
		{046B124C-7BCE-4E1C-950D-A18C15F43CD2}.Debug|Platform Builder (_TGTCPU).Deploy.0 = Debug|Platform Builder (_TGTCPU)
		{046B124C-7BCE-4E1C-950D-A18C15F43CD2}.Release|Platform Builder (_TGTCPU).ActiveCfg = Release|Platform Builder (_TGTCPU)
		{046B124C-7BCE-4E1C-950D-A18C15F43CD2}.Release|Platform Builder (_TGTCPU).Deploy.0 = Release|Platform Builder (_TGTCPU)
		{046B124C-7BCE-4E1C-950D-A18C15F43CD2}.TI_EVM_3530_ARMV4I Debug|Platform Builder (_TGTCPU).ActiveCfg = Debug|Platform Builder (_TGTCPU)
		{046B124C-7BCE-4E1C-950D-A18C15F43CD2}.TI_EVM_3530_ARMV4I Debug|Platform Builder (_TGTCPU).Deploy.0 = Debug|Platform Builder (_TGTCPU)
		{046B124C-7BCE-4E1C-950D-A18C15F43CD2}.TI_EVM_3530_ARMV4I Release|Platform Builder (_TGTCPU).ActiveCfg = Release|Platform Builder (_TGTCPU)
		{046B124C-7BCE-4E1C-950D-A18C15F43CD2}.TI_EVM_3530_ARMV4I Release|Platform Builder (_TGTCPU).Deploy.0 = Release|Platform Builder (_TGTCPU)
		{E1E7F755-DC4C-4F46-B22B-BA8FF62EE0C8}.Debug|Platform Builder (_TGTCPU).ActiveCfg = Debug|Platform Builder (_TGTCPU)
		{E1E7F755-DC4C-4F46-B22B-BA8FF62EE0C8}.Debug|Platform Builder (_TGTCPU).Deploy.0 = Debug|Platform Builder (_TGTCPU)
		{E1E7F755-DC4C-4F46-B22B-BA8FF62EE0C8}.Release|Platform Builder (_TGTCPU).ActiveCfg = Release|Platform Builder (_TGTCPU)
		{E1E7F755-DC4C-4F46-B22B-BA8FF62EE0C8}.Release|Platform Builder (_TGTCPU).Deploy.0 = Release|Platform Builder (_TGTCPU)
		{E1E7F755-DC4C-4F46-B22B-BA8FF62EE0C8}.TI_EVM_3530_ARMV4I Debug|Platform Builder (_TGTCPU).ActiveCfg = Debug|Platform Builder (_TGTCPU)
		{E1E7F755-DC4C-4F46-B22B-BA8FF62EE0C8}.TI_EVM_3530_ARMV4I Debug|Platform Builder (_TGTCPU).Deploy.0 = Debug|Platform Builder (_TGTCPU)
		{E1E7F755-DC4C-4F46-B22B-BA8FF62EE0C8}.TI_EVM_3530_ARMV4I Release|Platform Builder (_TGTCPU).ActiveCfg = Release|Platform Builder (_TGTCPU)
		{E1E7F755-DC4C-4F46-B22B-BA8FF62EE0C8}.TI_EVM_3530_ARMV4I Release|Platform Builder (_TGTCPU).Deploy.0 = Release|Platform Builder (_TGTCPU)
		{565A714D-EACF-4B29-9EE9-9B18D45BEC7C}.Debug|Platform Builder (_TGTCPU).ActiveCfg = Debug|Platform Builder (_TGTCPU)
		{565A714D-EACF-4B29-9EE9-9B18D45BEC7C}.Debug|Platform Builder (_TGTCPU).Deploy.0 = Debug|Platform Builder (_TGTCPU)
		{565A714D-EACF-4B29-9EE9-9B18D45BEC7C}.Release|Platform Builder (_TGTCPU).ActiveCfg = Release|Platform Builder (_TGTCPU)
		{565A714D-EACF-4B29-9EE9-9B18D45BEC7C}.Release|Platform Builder (_TGTCPU).Deploy.0 = Release|Platform Builder (_TGTCPU)
		{565A714D-EACF-4B29-9EE9-9B18D45BEC7C}.TI_EVM_3530_ARMV4I Debug|Platform Builder (_TGTCPU).ActiveCfg = Debug|Platform Builder (_TGTCPU)
		{565A714D-EACF-4B29-9EE9-9B18D45BEC7C}.TI_EVM_3530_ARMV4I Debug|Platform Builder (_TGTCPU).Deploy.0 = Debug|Platform Builder (_TGTCPU)
		{565A714D-EACF-4B29-9EE9-9B18D45BEC7C}.TI_EVM_3530_ARMV4I Release|Platform Builder (_TGTCPU).ActiveCfg = Release|Platform Builder (_TGTCPU)
		{565A714D-EACF-4B29-9EE9-9B18D45BEC7C}.TI_EVM_3530_ARMV4I Release|Platform Builder (_TGTCPU).Deploy.0 = Release|Platform Builder (_TGTCPU)
		{5D4EE7C2-1598-4A13-9CF5-1FD6713E8C01}.Debug|Platform Builder (_TGTCPU).ActiveCfg = Debug|Platform Builder (_TGTCPU)
		{5D4EE7C2-1598-4A13-9CF5-1FD6713E8C01}.Debug|Platform Builder (_TGTCPU).Deploy.0 = Debug|Platform Builder (_TGTCPU)
		{5D4EE7C2-1598-4A13-9CF5-1FD6713E8C01}.Release|Platform Builder (_TGTCPU).ActiveCfg = Release|Platform Builder (_TGTCPU)
		{5D4EE7C2-1598-4A13-9CF5-1FD6713E8C01}.Release|Platform Builder (_TGTCPU).Deploy.0 = Release|Platform Builder (_TGTCPU)
		{5D4EE7C2-1598-4A13-9CF5-1FD6713E8C01}.TI_EVM_3530_ARMV4I Debug|Platform Builder (_TGTCPU).ActiveCfg = Debug|Platform Builder (_TGTCPU)
		{5D4EE7C2-1598-4A13-9CF5-1FD6713E8C01}.TI_EVM_3530_ARMV4I Debug|Platform Builder (_TGTCPU).Deploy.0 = Debug|Platform Builder (_TGTCPU)
		{5D4EE7C2-1598-4A13-9CF5-1FD6713E8C01}.TI_EVM_3530_ARMV4I Release|Platform Builder (_TGTCPU).ActiveCfg = Release|Platform Builder (_TGTCPU)
		{5D4EE7C2-1598-4A13-9CF5-1FD6713E8C01}.TI_EVM_3530_ARMV4I Release|Platform Builder (_TGTCPU).Deploy.0 = Release|Platform Builder (_TGTCPU)
		{99C90C55-9A54-4C5B-BC8E-D29393D11791}.Debug|Platform Builder (_TGTCPU).ActiveCfg = Debug|Platform Builder (_TGTCPU)
		{99C90C55-9A54-4C5B-BC8E-D29393D11791}.Debug|Platform Builder (_TGTCPU).Deploy.0 = Debug|Platform Builder (_TGTCPU)
		{99C90C55-9A54-4C5B-BC8E-D29393D11791}.Release|Platform Builder (_TGTCPU).ActiveCfg = Release|Platform Builder (_TGTCPU)
		{99C90C55-9A54-4C5B-BC8E-D29393D11791}.Release|Platform Builder (_TGTCPU).Deploy.0 = Release|Platform Builder (_TGTCPU)
		{99C90C55-9A54-4C5B-BC8E-D29393D11791}.TI_EVM_3530_ARMV4I Debug|Platform Builder (_TGTCPU).ActiveCfg = Debug|Platform Builder (_TGTCPU)
		{99C90C55-9A54-4C5B-BC8E-D29393D11791}.TI_EVM_3530_ARMV4I Debug|Platform Builder (_TGTCPU).Deploy.0 = Debug|Platform Builder (_TGTCPU)
		{99C90C55-9A54-4C5B-BC8E-D29393D11791}.TI_EVM_3530_ARMV4I Release|Platform Builder (_TGTCPU).ActiveCfg = Release|Platform Builder (_TGTCPU)
		{99C90C55-9A54-4C5B-BC8E-D29393D11791}.TI_EVM_3530_ARMV4I Release|Platform Builder (_TGTCPU).Deploy.0 = Release|Platform Builder (_TGTCPU)
		{E8A912C6-2DA8-47ED-928A-1805176E4504}.Debug|Platform Builder (_TGTCPU).ActiveCfg = Debug|Platform Builder (_TGTCPU)
		{E8A912C6-2DA8-47ED-928A-1805176E4504}.Debug|Platform Builder (_TGTCPU).Deploy.0 = Debug|Platform Builder (_TGTCPU)
		{E8A912C6-2DA8-47ED-928A-1805176E4504}.Release|Platform Builder (_TGTCPU).ActiveCfg = Release|Platform Builder (_TGTCPU)
		{E8A912C6-2DA8-47ED-928A-1805176E4504}.Release|Platform Builder (_TGTCPU).Deploy.0 = Release|Platform Builder (_TGTCPU)
		{E8A912C6-2DA8-47ED-928A-1805176E4504}.TI_EVM_3530_ARMV4I Debug|Platform Builder (_TGTCPU).ActiveCfg = Debug|Platform Builder (_TGTCPU)
		{E8A912C6-2DA8-47ED-928A-1805176E4504}.TI_EVM_3530_ARMV4I Debug|Platform Builder (_TGTCPU).Deploy.0 = Debug|Platform Builder (_TGTCPU)
		{E8A912C6-2DA8-47ED-928A-1805176E4504}.TI_EVM_3530_ARMV4I Release|Platform Builder (_TGTCPU).ActiveCfg = Release|Platform Builder (_TGTCPU)
		{E8A912C6-2DA8-47ED-928A-1805176E4504}.TI_EVM_3530_ARMV4I Release|Platform Builder (_TGTCPU).Deploy.0 = Release|Platform Builder (_TGTCPU)
		{31D650FF-6A2B-43A1-A730-8432AEA16FD7}.Debug|Platform Builder (_TGTCPU).ActiveCfg = Debug|Platform Builder (_TGTCPU)
		{31D650FF-6A2B-43A1-A730-8432AEA16FD7}.Debug|Platform Builder (_TGTCPU).Deploy.0 = Debug|Platform Builder (_TGTCPU)
		{31D650FF-6A2B-43A1-A730-8432AEA16FD7}.Release|Platform Builder (_TGTCPU).ActiveCfg = Release|Platform Builder (_TGTCPU)
		{31D650FF-6A2B-43A1-A730-8432AEA16FD7}.Release|Platform Builder (_TGTCPU).Deploy.0 = Release|Platform Builder (_TGTCPU)
		{31D650FF-6A2B-43A1-A730-8432AEA16FD7}.TI_EVM_3530_ARMV4I Debug|Platform Builder (_TGTCPU).ActiveCfg = Debug|Platform Builder (_TGTCPU)
		{31D650FF-6A2B-43A1-A730-8432AEA16FD7}.TI_EVM_3530_ARMV4I Debug|Platform Builder (_TGTCPU).Deploy.0 = Debug|Platform Builder (_TGTCPU)
		{31D650FF-6A2B-43A1-A730-8432AEA16FD7}.TI_EVM_3530_ARMV4I Release|Platform Builder (_TGTCPU).ActiveCfg = Release|Platform Builder (_TGTCPU)
		{31D650FF-6A2B-43A1-A730-8432AEA16FD7}.TI_EVM_3530_ARMV4I Release|Platform Builder (_TGTCPU).Deploy.0 = Release|Platform Builder (_TGTCPU)
		{AD909A81-2743-4D81-98DF-407FDCDE763D}.Debug|Platform Builder (_TGTCPU).ActiveCfg = Debug|Platform Builder (_TGTCPU)
		{AD909A81-2743-4D81-98DF-407FDCDE763D}.Debug|Platform Builder (_TGTCPU).Deploy.0 = Debug|Platform Builder (_TGTCPU)
		{AD909A81-2743-4D81-98DF-407FDCDE763D}.Release|Platform Builder (_TGTCPU).ActiveCfg = Release|Platform Builder (_TGTCPU)
		{AD909A81-2743-4D81-98DF-407FDCDE763D}.Release|Platform Builder (_TGTCPU).Deploy.0 = Release|Platform Builder (_TGTCPU)
		{AD909A81-2743-4D81-98DF-407FDCDE763D}.TI_EVM_3530_ARMV4I Debug|Platform Builder (_TGTCPU).ActiveCfg = Debug|Platform Builder (_TGTCPU)
		{AD909A81-2743-4D81-98DF-407FDCDE763D}.TI_EVM_3530_ARMV4I Debug|Platform Builder (_TGTCPU).Deploy.0 = Debug|Platform Builder (_TGTCPU)
		{AD909A81-2743-4D81-98DF-407FDCDE763D}.TI_EVM_3530_ARMV4I Release|Platform Builder (_TGTCPU).ActiveCfg = Release|Platform Builder (_TGTCPU)
		{AD909A81-2743-4D81-98DF-407FDCDE763D}.TI_EVM_3530_ARMV4I Release|Platform Builder (_TGTCPU).Deploy.0 = Release|Platform Builder (_TGTCPU)
		{730C1743-7AFB-4D50-8E35-5E1A14FDB328}.Debug|Platform Builder (_TGTCPU).ActiveCfg = Debug|Platform Builder (_TGTCPU)
		{730C1743-7AFB-4D50-8E35-5E1A14FDB328}.Debug|Platform Builder (_TGTCPU).Deploy.0 = Debug|Platform Builder (_TGTCPU)
		{730C1743-7AFB-4D50-8E35-5E1A14FDB328}.Release|Platform Builder (_TGTCPU).ActiveCfg = Release|Platform Builder (_TGTCPU)
		{730C1743-7AFB-4D50-8E35-5E1A14FDB328}.Release|Platform Builder (_TGTCPU).Deploy.0 = Release|Platform Builder (_TGTCPU)
		{730C1743-7AFB-4D50-8E35-5E1A14FDB328}.TI_EVM_3530_ARMV4I Debug|Platform Builder (_TGTCPU).ActiveCfg = Debug|Platform Builder (_TGTCPU)
		{730C1743-7AFB-4D50-8E35-5E1A14FDB328}.TI_EVM_3530_ARMV4I Debug|Platform Builder (_TGTCPU).Deploy.0 = Debug|Platform Builder (_TGTCPU)
		{730C1743-7AFB-4D50-8E35-5E1A14FDB328}.TI_EVM_3530_ARMV4I Release|Platform Builder (_TGTCPU).ActiveCfg = Release|Platform Builder (_TGTCPU)
		{730C1743-7AFB-4D50-8E35-5E1A14FDB328}.TI_EVM_3530_ARMV4I Release|Platform Builder (_TGTCPU).Deploy.0 = Release|Platform Builder (_TGTCPU)
		{8423CB1F-0D64-4848-B9DB-FBEBCB847CE3}.Debug|Platform Builder (_TGTCPU).ActiveCfg = Debug|Platform Builder (_TGTCPU)
		{8423CB1F-0D64-4848-B9DB-FBEBCB847CE3}.Debug|Platform Builder (_TGTCPU).Deploy.0 = Debug|Platform Builder (_TGTCPU)
		{8423CB1F-0D64-4848-B9DB-FBEBCB847CE3}.Release|Platform Builder (_TGTCPU).ActiveCfg = Release|Platform Builder (_TGTCPU)
		{8423CB1F-0D64-4848-B9DB-FBEBCB847CE3}.Release|Platform Builder (_TGTCPU).Deploy.0 = Release|Platform Builder (_TGTCPU)
		{8423CB1F-0D64-4848-B9DB-FBEBCB847CE3}.TI_EVM_3530_ARMV4I Debug|Platform Builder (_TGTCPU).ActiveCfg = Debug|Platform Builder (_TGTCPU)
		{8423CB1F-0D64-4848-B9DB-FBEBCB847CE3}.TI_EVM_3530_ARMV4I Debug|Platform Builder (_TGTCPU).Deploy.0 = Debug|Platform Builder (_TGTCPU)
		{8423CB1F-0D64-4848-B9DB-FBEBCB847CE3}.TI_EVM_3530_ARMV4I Release|Platform Builder (_TGTCPU).ActiveCfg = Release|Platform Builder (_TGTCPU)
		{8423CB1F-0D64-4848-B9DB-FBEBCB847CE3}.TI_EVM_3530_ARMV4I Release|Platform Builder (_TGTCPU).Deploy.0 = Release|Platform Builder (_TGTCPU)
		{EC2E3CC1-49E7-42B6-B48F-7FADE8AD7B0F}.Debug|Platform Builder (_TGTCPU).ActiveCfg = Debug|Platform Builder (_TGTCPU)
		{EC2E3CC1-49E7-42B6-B48F-7FADE8AD7B0F}.Debug|Platform Builder (_TGTCPU).Deploy.0 = Debug|Platform Builder (_TGTCPU)
		{EC2E3CC1-49E7-42B6-B48F-7FADE8AD7B0F}.Release|Platform Builder (_TGTCPU).ActiveCfg = Release|Platform Builder (_TGTCPU)
		{EC2E3CC1-49E7-42B6-B48F-7FADE8AD7B0F}.Release|Platform Builder (_TGTCPU).Deploy.0 = Release|Platform Builder (_TGTCPU)
		{EC2E3CC1-49E7-42B6-B48F-7FADE8AD7B0F}.TI_EVM_3530_ARMV4I Debug|Platform Builder (_TGTCPU).ActiveCfg = Debug|Platform Builder (_TGTCPU)
		{EC2E3CC1-49E7-42B6-B48F-7FADE8AD7B0F}.TI_EVM_3530_ARMV4I Debug|Platform Builder (_TGTCPU).Deploy.0 = Debug|Platform Builder (_TGTCPU)
		{EC2E3CC1-49E7-42B6-B48F-7FADE8AD7B0F}.TI_EVM_3530_ARMV4I Release|Platform Builder (_TGTCPU).ActiveCfg = Release|Platform Builder (_TGTCPU)
		{EC2E3CC1-49E7-42B6-B48F-7FADE8AD7B0F}.TI_EVM_3530_ARMV4I Release|Platform Builder (_TGTCPU).Deploy.0 = Release|Platform Builder (_TGTCPU)
		{60070C5B-8A3E-4880-A643-84A0A9E1BB02}.Debug|Platform Builder (_TGTCPU).ActiveCfg = Debug|Platform Builder (_TGTCPU)
		{60070C5B-8A3E-4880-A643-84A0A9E1BB02}.Debug|Platform Builder (_TGTCPU).Deploy.0 = Debug|Platform Builder (_TGTCPU)
		{60070C5B-8A3E-4880-A643-84A0A9E1BB02}.Release|Platform Builder (_TGTCPU).ActiveCfg = Release|Platform Builder (_TGTCPU)
		{60070C5B-8A3E-4880-A643-84A0A9E1BB02}.Release|Platform Builder (_TGTCPU).Deploy.0 = Release|Platform Builder (_TGTCPU)
		{60070C5B-8A3E-4880-A643-84A0A9E1BB02}.TI_EVM_3530_ARMV4I Debug|Platform Builder (_TGTCPU).ActiveCfg = Debug|Platform Builder (_TGTCPU)
		{60070C5B-8A3E-4880-A643-84A0A9E1BB02}.TI_EVM_3530_ARMV4I Debug|Platform Builder (_TGTCPU).Deploy.0 = Debug|Platform Builder (_TGTCPU)
		{60070C5B-8A3E-4880-A643-84A0A9E1BB02}.TI_EVM_3530_ARMV4I Release|Platform Builder (_TGTCPU).ActiveCfg = Release|Platform Builder (_TGTCPU)
		{60070C5B-8A3E-4880-A643-84A0A9E1BB02}.TI_EVM_3530_ARMV4I Release|Platform Builder (_TGTCPU).Deploy.0 = Release|Platform Builder (_TGTCPU)
		{06DE6798-CBC9-427A-B701-1F4BFF1AE5EE}.Debug|Platform Builder (_TGTCPU).ActiveCfg = Debug|Platform Builder (_TGTCPU)
		{06DE6798-CBC9-427A-B701-1F4BFF1AE5EE}.Debug|Platform Builder (_TGTCPU).Deploy.0 = Debug|Platform Builder (_TGTCPU)
		{06DE6798-CBC9-427A-B701-1F4BFF1AE5EE}.Release|Platform Builder (_TGTCPU).ActiveCfg = Release|Platform Builder (_TGTCPU)
		{06DE6798-CBC9-427A-B701-1F4BFF1AE5EE}.Release|Platform Builder (_TGTCPU).Deploy.0 = Release|Platform Builder (_TGTCPU)
		{06DE6798-CBC9-427A-B701-1F4BFF1AE5EE}.TI_EVM_3530_ARMV4I Debug|Platform Builder (_TGTCPU).ActiveCfg = Debug|Platform Builder (_TGTCPU)
		{06DE6798-CBC9-427A-B701-1F4BFF1AE5EE}.TI_EVM_3530_ARMV4I Debug|Platform Builder (_TGTCPU).Deploy.0 = Debug|Platform Builder (_TGTCPU)
		{06DE6798-CBC9-427A-B701-1F4BFF1AE5EE}.TI_EVM_3530_ARMV4I Release|Platform Builder (_TGTCPU).ActiveCfg = Release|Platform Builder (_TGTCPU)
		{06DE6798-CBC9-427A-B701-1F4BFF1AE5EE}.TI_EVM_3530_ARMV4I Release|Platform Builder (_TGTCPU).Deploy.0 = Release|Platform Builder (_TGTCPU)
		{0CBA1541-5208-4C34-8095-6A2595C2C293}.Debug|Platform Builder (_TGTCPU).ActiveCfg = Debug|Platform Builder (_TGTCPU)
		{0CBA1541-5208-4C34-8095-6A2595C2C293}.Debug|Platform Builder (_TGTCPU).Deploy.0 = Debug|Platform Builder (_TGTCPU)
		{0CBA1541-5208-4C34-8095-6A2595C2C293}.Release|Platform Builder (_TGTCPU).ActiveCfg = Release|Platform Builder (_TGTCPU)
		{0CBA1541-5208-4C34-8095-6A2595C2C293}.Release|Platform Builder (_TGTCPU).Deploy.0 = Release|Platform Builder (_TGTCPU)
		{0CBA1541-5208-4C34-8095-6A2595C2C293}.TI_EVM_3530_ARMV4I Debug|Platform Builder (_TGTCPU).ActiveCfg = Debug|Platform Builder (_TGTCPU)
		{0CBA1541-5208-4C34-8095-6A2595C2C293}.TI_EVM_3530_ARMV4I Debug|Platform Builder (_TGTCPU).Deploy.0 = Debug|Platform Builder (_TGTCPU)
		{0CBA1541-5208-4C34-8095-6A2595C2C293}.TI_EVM_3530_ARMV4I Release|Platform Builder (_TGTCPU).ActiveCfg = Release|Platform Builder (_TGTCPU)
		{0CBA1541-5208-4C34-8095-6A2595C2C293}.TI_EVM_3530_ARMV4I Release|Platform Builder (_TGTCPU).Deploy.0 = Release|Platform Builder (_TGTCPU)
		{8630942C-895A-4BFF-86A2-DB4181B53B4A}.Debug|Platform Builder (_TGTCPU).ActiveCfg = Debug|Platform Builder (_TGTCPU)
		{8630942C-895A-4BFF-86A2-DB4181B53B4A}.Debug|Platform Builder (_TGTCPU).Deploy.0 = Debug|Platform Builder (_TGTCPU)
		{8630942C-895A-4BFF-86A2-DB4181B53B4A}.Release|Platform Builder (_TGTCPU).ActiveCfg = Release|Platform Builder (_TGTCPU)
		{8630942C-895A-4BFF-86A2-DB4181B53B4A}.Release|Platform Builder (_TGTCPU).Deploy.0 = Release|Platform Builder (_TGTCPU)
		{8630942C-895A-4BFF-86A2-DB4181B53B4A}.TI_EVM_3530_ARMV4I Debug|Platform Builder (_TGTCPU).ActiveCfg = Debug|Platform Builder (_TGTCPU)
		{8630942C-895A-4BFF-86A2-DB4181B53B4A}.TI_EVM_3530_ARMV4I Debug|Platform Builder (_TGTCPU).Deploy.0 = Debug|Platform Builder (_TGTCPU)
		{8630942C-895A-4BFF-86A2-DB4181B53B4A}.TI_EVM_3530_ARMV4I Release|Platform Builder (_TGTCPU).ActiveCfg = Release|Platform Builder (_TGTCPU)
		{8630942C-895A-4BFF-86A2-DB4181B53B4A}.TI_EVM_3530_ARMV4I Release|Platform Builder (_TGTCPU).Deploy.0 = Release|Platform Builder (_TGTCPU)
		{95CF7473-3CBA-439A-BA35-2814AFC64B0D}.Debug|Platform Builder (_TGTCPU).ActiveCfg = Debug|Platform Builder (_TGTCPU)
		{95CF7473-3CBA-439A-BA35-2814AFC64B0D}.Debug|Platform Builder (_TGTCPU).Deploy.0 = Debug|Platform Builder (_TGTCPU)
		{95CF7473-3CBA-439A-BA35-2814AFC64B0D}.Release|Platform Builder (_TGTCPU).ActiveCfg = Release|Platform Builder (_TGTCPU)
		{95CF7473-3CBA-439A-BA35-2814AFC64B0D}.Release|Platform Builder (_TGTCPU).Deploy.0 = Release|Platform Builder (_TGTCPU)
		{95CF7473-3CBA-439A-BA35-2814AFC64B0D}.TI_EVM_3530_ARMV4I Debug|Platform Builder (_TGTCPU).ActiveCfg = Debug|Platform Builder (_TGTCPU)
		{95CF7473-3CBA-439A-BA35-2814AFC64B0D}.TI_EVM_3530_ARMV4I Debug|Platform Builder (_TGTCPU).Deploy.0 = Debug|Platform Builder (_TGTCPU)
		{95CF7473-3CBA-439A-BA35-2814AFC64B0D}.TI_EVM_3530_ARMV4I Release|Platform Builder (_TGTCPU).ActiveCfg = Release|Platform Builder (_TGTCPU)
		{95CF7473-3CBA-439A-BA35-2814AFC64B0D}.TI_EVM_3530_ARMV4I Release|Platform Builder (_TGTCPU).Deploy.0 = Release|Platform Builder (_TGTCPU)
		{3D3329BD-2DF3-4866-AF5B-DEBF0D0B22A9}.Debug|Platform Builder (_TGTCPU).ActiveCfg = Debug|Platform Builder (_TGTCPU)
		{3D3329BD-2DF3-4866-AF5B-DEBF0D0B22A9}.Debug|Platform Builder (_TGTCPU).Deploy.0 = Debug|Platform Builder (_TGTCPU)
		{3D3329BD-2DF3-4866-AF5B-DEBF0D0B22A9}.Release|Platform Builder (_TGTCPU).ActiveCfg = Release|Platform Builder (_TGTCPU)
		{3D3329BD-2DF3-4866-AF5B-DEBF0D0B22A9}.Release|Platform Builder (_TGTCPU).Deploy.0 = Release|Platform Builder (_TGTCPU)
		{3D3329BD-2DF3-4866-AF5B-DEBF0D0B22A9}.TI_EVM_3530_ARMV4I Debug|Platform Builder (_TGTCPU).ActiveCfg = Debug|Platform Builder (_TGTCPU)
		{3D3329BD-2DF3-4866-AF5B-DEBF0D0B22A9}.TI_EVM_3530_ARMV4I Debug|Platform Builder (_TGTCPU).Deploy.0 = Debug|Platform Builder (_TGTCPU)
		{3D3329BD-2DF3-4866-AF5B-DEBF0D0B22A9}.TI_EVM_3530_ARMV4I Release|Platform Builder (_TGTCPU).ActiveCfg = Release|Platform Builder (_TGTCPU)
		{3D3329BD-2DF3-4866-AF5B-DEBF0D0B22A9}.TI_EVM_3530_ARMV4I Release|Platform Builder (_TGTCPU).Deploy.0 = Release|Platform Builder (_TGTCPU)
	EndGlobalSection
	GlobalSection(SolutionProperties) = preSolution
		HideSolutionNode = FALSE
	EndGlobalSection
EndGlobal
