
Microsoft Visual Studio Solution File, Format Version 9.00
# Visual Studio 2005
Project("{8BC9CEB8-8B4A-11D0-8D11-00A0C91BC942}") = "psc", "psc\psc.vcproj", "{7043378D-0F20-45FE-BD1F-36CE0F30DC04}"
EndProject
Global
	GlobalSection(SolutionConfigurationPlatforms) = preSolution
		Debug|CE500_SDK (ARMV4I) = Debug|CE500_SDK (ARMV4I)
		Debug|MDT2000CE_Net_3_5 (ARMV4I) = Debug|MDT2000CE_Net_3_5 (ARMV4I)
		Debug|MindevSDK2 (ARMV4I) = Debug|MindevSDK2 (ARMV4I)
		Debug|NET960CE6S_NET (ARMV4I) = Debug|NET960CE6S_NET (ARMV4I)
		Release|CE500_SDK (ARMV4I) = Release|CE500_SDK (ARMV4I)
		Release|MDT2000CE_Net_3_5 (ARMV4I) = Release|MDT2000CE_Net_3_5 (ARMV4I)
		Release|MindevSDK2 (ARMV4I) = Release|MindevSDK2 (ARMV4I)
		Release|NET960CE6S_NET (ARMV4I) = Release|NET960CE6S_NET (ARMV4I)
	EndGlobalSection
	GlobalSection(ProjectConfigurationPlatforms) = postSolution
		{7043378D-0F20-45FE-BD1F-36CE0F30DC04}.Debug|CE500_SDK (ARMV4I).ActiveCfg = Debug|CE500_SDK (ARMV4I)
		{7043378D-0F20-45FE-BD1F-36CE0F30DC04}.Debug|CE500_SDK (ARMV4I).Build.0 = Debug|CE500_SDK (ARMV4I)
		{7043378D-0F20-45FE-BD1F-36CE0F30DC04}.Debug|CE500_SDK (ARMV4I).Deploy.0 = Debug|CE500_SDK (ARMV4I)
		{7043378D-0F20-45FE-BD1F-36CE0F30DC04}.Debug|MDT2000CE_Net_3_5 (ARMV4I).ActiveCfg = Debug|MDT2000CE_Net_3_5 (ARMV4I)
		{7043378D-0F20-45FE-BD1F-36CE0F30DC04}.Debug|MDT2000CE_Net_3_5 (ARMV4I).Build.0 = Debug|MDT2000CE_Net_3_5 (ARMV4I)
		{7043378D-0F20-45FE-BD1F-36CE0F30DC04}.Debug|MDT2000CE_Net_3_5 (ARMV4I).Deploy.0 = Debug|MDT2000CE_Net_3_5 (ARMV4I)
		{7043378D-0F20-45FE-BD1F-36CE0F30DC04}.Debug|MindevSDK2 (ARMV4I).ActiveCfg = Debug|MindevSDK2 (ARMV4I)
		{7043378D-0F20-45FE-BD1F-36CE0F30DC04}.Debug|MindevSDK2 (ARMV4I).Build.0 = Debug|MindevSDK2 (ARMV4I)
		{7043378D-0F20-45FE-BD1F-36CE0F30DC04}.Debug|MindevSDK2 (ARMV4I).Deploy.0 = Debug|MindevSDK2 (ARMV4I)
		{7043378D-0F20-45FE-BD1F-36CE0F30DC04}.Debug|NET960CE6S_NET (ARMV4I).ActiveCfg = Debug|NET960CE6S_NET (ARMV4I)
		{7043378D-0F20-45FE-BD1F-36CE0F30DC04}.Debug|NET960CE6S_NET (ARMV4I).Build.0 = Debug|NET960CE6S_NET (ARMV4I)
		{7043378D-0F20-45FE-BD1F-36CE0F30DC04}.Debug|NET960CE6S_NET (ARMV4I).Deploy.0 = Debug|NET960CE6S_NET (ARMV4I)
		{7043378D-0F20-45FE-BD1F-36CE0F30DC04}.Release|CE500_SDK (ARMV4I).ActiveCfg = Release|CE500_SDK (ARMV4I)
		{7043378D-0F20-45FE-BD1F-36CE0F30DC04}.Release|CE500_SDK (ARMV4I).Build.0 = Release|CE500_SDK (ARMV4I)
		{7043378D-0F20-45FE-BD1F-36CE0F30DC04}.Release|CE500_SDK (ARMV4I).Deploy.0 = Release|CE500_SDK (ARMV4I)
		{7043378D-0F20-45FE-BD1F-36CE0F30DC04}.Release|MDT2000CE_Net_3_5 (ARMV4I).ActiveCfg = Release|MDT2000CE_Net_3_5 (ARMV4I)
		{7043378D-0F20-45FE-BD1F-36CE0F30DC04}.Release|MDT2000CE_Net_3_5 (ARMV4I).Build.0 = Release|MDT2000CE_Net_3_5 (ARMV4I)
		{7043378D-0F20-45FE-BD1F-36CE0F30DC04}.Release|MDT2000CE_Net_3_5 (ARMV4I).Deploy.0 = Release|MDT2000CE_Net_3_5 (ARMV4I)
		{7043378D-0F20-45FE-BD1F-36CE0F30DC04}.Release|MindevSDK2 (ARMV4I).ActiveCfg = Release|MindevSDK2 (ARMV4I)
		{7043378D-0F20-45FE-BD1F-36CE0F30DC04}.Release|MindevSDK2 (ARMV4I).Build.0 = Release|MindevSDK2 (ARMV4I)
		{7043378D-0F20-45FE-BD1F-36CE0F30DC04}.Release|MindevSDK2 (ARMV4I).Deploy.0 = Release|MindevSDK2 (ARMV4I)
		{7043378D-0F20-45FE-BD1F-36CE0F30DC04}.Release|NET960CE6S_NET (ARMV4I).ActiveCfg = Release|NET960CE6S_NET (ARMV4I)
		{7043378D-0F20-45FE-BD1F-36CE0F30DC04}.Release|NET960CE6S_NET (ARMV4I).Build.0 = Release|NET960CE6S_NET (ARMV4I)
		{7043378D-0F20-45FE-BD1F-36CE0F30DC04}.Release|NET960CE6S_NET (ARMV4I).Deploy.0 = Release|NET960CE6S_NET (ARMV4I)
	EndGlobalSection
	GlobalSection(SolutionProperties) = preSolution
		HideSolutionNode = FALSE
	EndGlobalSection
EndGlobal
