
Microsoft Visual Studio Solution File, Format Version 9.00
# Visual Studio 2005
Project("{8BC9CEB8-8B4A-11D0-8D11-00A0C91BC942}") = "CheckRAM", "CheckRAM\CheckRAM.vcproj", "{2E4E72BF-84AB-4819-A476-20B1A29A1BED}"
EndProject
Global
	GlobalSection(SolutionConfigurationPlatforms) = preSolution
		Debug|CE300_CORE (ARMV4I) = Debug|CE300_CORE (ARMV4I)
		Debug|CE300_PRO (ARMV4I) = Debug|CE300_PRO (ARMV4I)
		Debug|CE500_CORE (ARMV4I) = Debug|CE500_CORE (ARMV4I)
		Debug|CE500_PRO (ARMV4I) = Debug|CE500_PRO (ARMV4I)
		Release|CE300_CORE (ARMV4I) = Release|CE300_CORE (ARMV4I)
		Release|CE300_PRO (ARMV4I) = Release|CE300_PRO (ARMV4I)
		Release|CE500_CORE (ARMV4I) = Release|CE500_CORE (ARMV4I)
		Release|CE500_PRO (ARMV4I) = Release|CE500_PRO (ARMV4I)
	EndGlobalSection
	GlobalSection(ProjectConfigurationPlatforms) = postSolution
		{2E4E72BF-84AB-4819-A476-20B1A29A1BED}.Debug|CE300_CORE (ARMV4I).ActiveCfg = Debug|CE300_PRO (ARMV4I)
		{2E4E72BF-84AB-4819-A476-20B1A29A1BED}.Debug|CE300_PRO (ARMV4I).ActiveCfg = Debug|CE300_PRO (ARMV4I)
		{2E4E72BF-84AB-4819-A476-20B1A29A1BED}.Debug|CE300_PRO (ARMV4I).Build.0 = Debug|CE300_PRO (ARMV4I)
		{2E4E72BF-84AB-4819-A476-20B1A29A1BED}.Debug|CE300_PRO (ARMV4I).Deploy.0 = Debug|CE300_PRO (ARMV4I)
		{2E4E72BF-84AB-4819-A476-20B1A29A1BED}.Debug|CE500_CORE (ARMV4I).ActiveCfg = Debug|CE500_CORE (ARMV4I)
		{2E4E72BF-84AB-4819-A476-20B1A29A1BED}.Debug|CE500_CORE (ARMV4I).Build.0 = Debug|CE500_CORE (ARMV4I)
		{2E4E72BF-84AB-4819-A476-20B1A29A1BED}.Debug|CE500_CORE (ARMV4I).Deploy.0 = Debug|CE500_CORE (ARMV4I)
		{2E4E72BF-84AB-4819-A476-20B1A29A1BED}.Debug|CE500_PRO (ARMV4I).ActiveCfg = Debug|CE500_PRO (ARMV4I)
		{2E4E72BF-84AB-4819-A476-20B1A29A1BED}.Debug|CE500_PRO (ARMV4I).Deploy.0 = Debug|CE500_PRO (ARMV4I)
		{2E4E72BF-84AB-4819-A476-20B1A29A1BED}.Release|CE300_CORE (ARMV4I).ActiveCfg = Release|CE300_PRO (ARMV4I)
		{2E4E72BF-84AB-4819-A476-20B1A29A1BED}.Release|CE300_PRO (ARMV4I).ActiveCfg = Release|CE300_PRO (ARMV4I)
		{2E4E72BF-84AB-4819-A476-20B1A29A1BED}.Release|CE300_PRO (ARMV4I).Build.0 = Release|CE300_PRO (ARMV4I)
		{2E4E72BF-84AB-4819-A476-20B1A29A1BED}.Release|CE300_PRO (ARMV4I).Deploy.0 = Release|CE300_PRO (ARMV4I)
		{2E4E72BF-84AB-4819-A476-20B1A29A1BED}.Release|CE500_CORE (ARMV4I).ActiveCfg = Release|CE500_CORE (ARMV4I)
		{2E4E72BF-84AB-4819-A476-20B1A29A1BED}.Release|CE500_CORE (ARMV4I).Build.0 = Release|CE500_CORE (ARMV4I)
		{2E4E72BF-84AB-4819-A476-20B1A29A1BED}.Release|CE500_CORE (ARMV4I).Deploy.0 = Release|CE500_CORE (ARMV4I)
		{2E4E72BF-84AB-4819-A476-20B1A29A1BED}.Release|CE500_PRO (ARMV4I).ActiveCfg = Release|CE500_PRO (ARMV4I)
		{2E4E72BF-84AB-4819-A476-20B1A29A1BED}.Release|CE500_PRO (ARMV4I).Deploy.0 = Release|CE500_PRO (ARMV4I)
	EndGlobalSection
	GlobalSection(SolutionProperties) = preSolution
		HideSolutionNode = FALSE
	EndGlobalSection
EndGlobal
