
Microsoft Visual Studio Solution File, Format Version 9.00
# Visual Studio 2005
Project("{8BC9CEB8-8B4A-11D0-8D11-00A0C91BC942}") = "Mixer", "Mixer\Mixer.vcproj", "{D9C5DCA8-CB09-4B3C-92AF-5512F14B7E19}"
EndProject
Project("{8BC9CEB8-8B4A-11D0-8D11-00A0C91BC942}") = "Audio", "Audio\Audio.vcproj", "{C1599596-3833-4CB8-9754-DD723F576BC7}"
	ProjectSection(ProjectDependencies) = postProject
		{D9C5DCA8-CB09-4B3C-92AF-5512F14B7E19} = {D9C5DCA8-CB09-4B3C-92AF-5512F14B7E19}
		{F68A0351-660C-4CA1-84B7-B9D1AF951D01} = {F68A0351-660C-4CA1-84B7-B9D1AF951D01}
	EndProjectSection
EndProject
Project("{8BC9CEB8-8B4A-11D0-8D11-00A0C91BC942}") = "BT", "BT\BT.vcproj", "{F68A0351-660C-4CA1-84B7-B9D1AF951D01}"
EndProject
Project("{8BC9CEB8-8B4A-11D0-8D11-00A0C91BC942}") = "Comm", "Comm\Comm.vcproj", "{487A9D61-DC52-4DE6-883C-5E02842A8202}"
EndProject
Project("{8BC9CEB8-8B4A-11D0-8D11-00A0C91BC942}") = "Dump", "Dump\Dump.vcproj", "{E07EA755-9C39-447E-8F84-F46452B9C2E7}"
	ProjectSection(ProjectDependencies) = postProject
		{D9C5DCA8-CB09-4B3C-92AF-5512F14B7E19} = {D9C5DCA8-CB09-4B3C-92AF-5512F14B7E19}
	EndProjectSection
EndProject
Project("{8BC9CEB8-8B4A-11D0-8D11-00A0C91BC942}") = "VoiceModem", "VoiceModem\VoiceModem.vcproj", "{16335575-25BB-42E5-9503-3B3A2ED6951B}"
	ProjectSection(ProjectDependencies) = postProject
		{D9C5DCA8-CB09-4B3C-92AF-5512F14B7E19} = {D9C5DCA8-CB09-4B3C-92AF-5512F14B7E19}
		{F68A0351-660C-4CA1-84B7-B9D1AF951D01} = {F68A0351-660C-4CA1-84B7-B9D1AF951D01}
	EndProjectSection
EndProject
Project("{8BC9CEB8-8B4A-11D0-8D11-00A0C91BC942}") = "Mux", "Mux\Mux.vcproj", "{35F3B676-1AF2-4794-8C54-58422FB9843F}"
EndProject
Project("{8BC9CEB8-8B4A-11D0-8D11-00A0C91BC942}") = "MuxModem", "MuxModem\MuxModem.vcproj", "{8CA2BABE-400C-468E-9618-54F8EEBDF02C}"
EndProject
Global
	GlobalSection(SolutionConfigurationPlatforms) = preSolution
		Debug|CE500_CORE (ARMV4I) = Debug|CE500_CORE (ARMV4I)
		Debug|Win32 = Debug|Win32
		Release|CE500_CORE (ARMV4I) = Release|CE500_CORE (ARMV4I)
		Release|Win32 = Release|Win32
	EndGlobalSection
	GlobalSection(ProjectConfigurationPlatforms) = postSolution
		{D9C5DCA8-CB09-4B3C-92AF-5512F14B7E19}.Debug|CE500_CORE (ARMV4I).ActiveCfg = Debug|CE500_CORE (ARMV4I)
		{D9C5DCA8-CB09-4B3C-92AF-5512F14B7E19}.Debug|CE500_CORE (ARMV4I).Build.0 = Debug|CE500_CORE (ARMV4I)
		{D9C5DCA8-CB09-4B3C-92AF-5512F14B7E19}.Debug|Win32.ActiveCfg = Debug|Win32
		{D9C5DCA8-CB09-4B3C-92AF-5512F14B7E19}.Debug|Win32.Build.0 = Debug|Win32
		{D9C5DCA8-CB09-4B3C-92AF-5512F14B7E19}.Release|CE500_CORE (ARMV4I).ActiveCfg = Release|CE500_CORE (ARMV4I)
		{D9C5DCA8-CB09-4B3C-92AF-5512F14B7E19}.Release|CE500_CORE (ARMV4I).Build.0 = Release|CE500_CORE (ARMV4I)
		{D9C5DCA8-CB09-4B3C-92AF-5512F14B7E19}.Release|CE500_CORE (ARMV4I).Deploy.0 = Release|CE500_CORE (ARMV4I)
		{D9C5DCA8-CB09-4B3C-92AF-5512F14B7E19}.Release|Win32.ActiveCfg = Release|Win32
		{D9C5DCA8-CB09-4B3C-92AF-5512F14B7E19}.Release|Win32.Build.0 = Release|Win32
		{C1599596-3833-4CB8-9754-DD723F576BC7}.Debug|CE500_CORE (ARMV4I).ActiveCfg = Debug|CE500_CORE (ARMV4I)
		{C1599596-3833-4CB8-9754-DD723F576BC7}.Debug|CE500_CORE (ARMV4I).Build.0 = Debug|CE500_CORE (ARMV4I)
		{C1599596-3833-4CB8-9754-DD723F576BC7}.Debug|CE500_CORE (ARMV4I).Deploy.0 = Debug|CE500_CORE (ARMV4I)
		{C1599596-3833-4CB8-9754-DD723F576BC7}.Debug|Win32.ActiveCfg = Debug|Win32
		{C1599596-3833-4CB8-9754-DD723F576BC7}.Debug|Win32.Build.0 = Debug|Win32
		{C1599596-3833-4CB8-9754-DD723F576BC7}.Release|CE500_CORE (ARMV4I).ActiveCfg = Release|Win32
		{C1599596-3833-4CB8-9754-DD723F576BC7}.Release|Win32.ActiveCfg = Release|Win32
		{C1599596-3833-4CB8-9754-DD723F576BC7}.Release|Win32.Build.0 = Release|Win32
		{F68A0351-660C-4CA1-84B7-B9D1AF951D01}.Debug|CE500_CORE (ARMV4I).ActiveCfg = Debug|CE500_CORE (ARMV4I)
		{F68A0351-660C-4CA1-84B7-B9D1AF951D01}.Debug|CE500_CORE (ARMV4I).Build.0 = Debug|CE500_CORE (ARMV4I)
		{F68A0351-660C-4CA1-84B7-B9D1AF951D01}.Debug|Win32.ActiveCfg = Debug|Win32
		{F68A0351-660C-4CA1-84B7-B9D1AF951D01}.Debug|Win32.Build.0 = Debug|Win32
		{F68A0351-660C-4CA1-84B7-B9D1AF951D01}.Release|CE500_CORE (ARMV4I).ActiveCfg = Release|Win32
		{F68A0351-660C-4CA1-84B7-B9D1AF951D01}.Release|Win32.ActiveCfg = Release|Win32
		{F68A0351-660C-4CA1-84B7-B9D1AF951D01}.Release|Win32.Build.0 = Release|Win32
		{487A9D61-DC52-4DE6-883C-5E02842A8202}.Debug|CE500_CORE (ARMV4I).ActiveCfg = Debug|CE500_CORE (ARMV4I)
		{487A9D61-DC52-4DE6-883C-5E02842A8202}.Debug|CE500_CORE (ARMV4I).Build.0 = Debug|CE500_CORE (ARMV4I)
		{487A9D61-DC52-4DE6-883C-5E02842A8202}.Debug|Win32.ActiveCfg = Debug|CE500_CORE (ARMV4I)
		{487A9D61-DC52-4DE6-883C-5E02842A8202}.Release|CE500_CORE (ARMV4I).ActiveCfg = Release|CE500_CORE (ARMV4I)
		{487A9D61-DC52-4DE6-883C-5E02842A8202}.Release|CE500_CORE (ARMV4I).Build.0 = Release|CE500_CORE (ARMV4I)
		{487A9D61-DC52-4DE6-883C-5E02842A8202}.Release|CE500_CORE (ARMV4I).Deploy.0 = Release|CE500_CORE (ARMV4I)
		{487A9D61-DC52-4DE6-883C-5E02842A8202}.Release|Win32.ActiveCfg = Release|CE500_CORE (ARMV4I)
		{E07EA755-9C39-447E-8F84-F46452B9C2E7}.Debug|CE500_CORE (ARMV4I).ActiveCfg = Debug|CE500_CORE (ARMV4I)
		{E07EA755-9C39-447E-8F84-F46452B9C2E7}.Debug|CE500_CORE (ARMV4I).Build.0 = Debug|CE500_CORE (ARMV4I)
		{E07EA755-9C39-447E-8F84-F46452B9C2E7}.Debug|CE500_CORE (ARMV4I).Deploy.0 = Debug|CE500_CORE (ARMV4I)
		{E07EA755-9C39-447E-8F84-F46452B9C2E7}.Debug|Win32.ActiveCfg = Debug|CE500_CORE (ARMV4I)
		{E07EA755-9C39-447E-8F84-F46452B9C2E7}.Release|CE500_CORE (ARMV4I).ActiveCfg = Release|CE500_CORE (ARMV4I)
		{E07EA755-9C39-447E-8F84-F46452B9C2E7}.Release|CE500_CORE (ARMV4I).Build.0 = Release|CE500_CORE (ARMV4I)
		{E07EA755-9C39-447E-8F84-F46452B9C2E7}.Release|CE500_CORE (ARMV4I).Deploy.0 = Release|CE500_CORE (ARMV4I)
		{E07EA755-9C39-447E-8F84-F46452B9C2E7}.Release|Win32.ActiveCfg = Release|CE500_CORE (ARMV4I)
		{16335575-25BB-42E5-9503-3B3A2ED6951B}.Debug|CE500_CORE (ARMV4I).ActiveCfg = Debug|CE500_CORE (ARMV4I)
		{16335575-25BB-42E5-9503-3B3A2ED6951B}.Debug|CE500_CORE (ARMV4I).Build.0 = Debug|CE500_CORE (ARMV4I)
		{16335575-25BB-42E5-9503-3B3A2ED6951B}.Debug|CE500_CORE (ARMV4I).Deploy.0 = Debug|CE500_CORE (ARMV4I)
		{16335575-25BB-42E5-9503-3B3A2ED6951B}.Debug|Win32.ActiveCfg = Debug|CE500_CORE (ARMV4I)
		{16335575-25BB-42E5-9503-3B3A2ED6951B}.Release|CE500_CORE (ARMV4I).ActiveCfg = Release|CE500_CORE (ARMV4I)
		{16335575-25BB-42E5-9503-3B3A2ED6951B}.Release|CE500_CORE (ARMV4I).Build.0 = Release|CE500_CORE (ARMV4I)
		{16335575-25BB-42E5-9503-3B3A2ED6951B}.Release|CE500_CORE (ARMV4I).Deploy.0 = Release|CE500_CORE (ARMV4I)
		{16335575-25BB-42E5-9503-3B3A2ED6951B}.Release|Win32.ActiveCfg = Release|CE500_CORE (ARMV4I)
		{35F3B676-1AF2-4794-8C54-58422FB9843F}.Debug|CE500_CORE (ARMV4I).ActiveCfg = Debug|CE500_CORE (ARMV4I)
		{35F3B676-1AF2-4794-8C54-58422FB9843F}.Debug|CE500_CORE (ARMV4I).Build.0 = Debug|CE500_CORE (ARMV4I)
		{35F3B676-1AF2-4794-8C54-58422FB9843F}.Debug|Win32.ActiveCfg = Debug|CE500_CORE (ARMV4I)
		{35F3B676-1AF2-4794-8C54-58422FB9843F}.Release|CE500_CORE (ARMV4I).ActiveCfg = Release|CE500_CORE (ARMV4I)
		{35F3B676-1AF2-4794-8C54-58422FB9843F}.Release|CE500_CORE (ARMV4I).Build.0 = Release|CE500_CORE (ARMV4I)
		{35F3B676-1AF2-4794-8C54-58422FB9843F}.Release|CE500_CORE (ARMV4I).Deploy.0 = Release|CE500_CORE (ARMV4I)
		{35F3B676-1AF2-4794-8C54-58422FB9843F}.Release|Win32.ActiveCfg = Release|CE500_CORE (ARMV4I)
		{8CA2BABE-400C-468E-9618-54F8EEBDF02C}.Debug|CE500_CORE (ARMV4I).ActiveCfg = Debug|CE500_CORE (ARMV4I)
		{8CA2BABE-400C-468E-9618-54F8EEBDF02C}.Debug|CE500_CORE (ARMV4I).Build.0 = Debug|CE500_CORE (ARMV4I)
		{8CA2BABE-400C-468E-9618-54F8EEBDF02C}.Debug|CE500_CORE (ARMV4I).Deploy.0 = Debug|CE500_CORE (ARMV4I)
		{8CA2BABE-400C-468E-9618-54F8EEBDF02C}.Debug|Win32.ActiveCfg = Debug|CE500_CORE (ARMV4I)
		{8CA2BABE-400C-468E-9618-54F8EEBDF02C}.Release|CE500_CORE (ARMV4I).ActiveCfg = Release|CE500_CORE (ARMV4I)
		{8CA2BABE-400C-468E-9618-54F8EEBDF02C}.Release|CE500_CORE (ARMV4I).Build.0 = Release|CE500_CORE (ARMV4I)
		{8CA2BABE-400C-468E-9618-54F8EEBDF02C}.Release|CE500_CORE (ARMV4I).Deploy.0 = Release|CE500_CORE (ARMV4I)
		{8CA2BABE-400C-468E-9618-54F8EEBDF02C}.Release|Win32.ActiveCfg = Release|CE500_CORE (ARMV4I)
	EndGlobalSection
	GlobalSection(SolutionProperties) = preSolution
		HideSolutionNode = FALSE
	EndGlobalSection
EndGlobal
