
Microsoft Visual Studio Solution File, Format Version 9.00
# Visual Studio 2005
Project("{8BC9CEB8-8B4A-11D0-8D11-00A0C91BC942}") = "CANt", "CANt\CANt.vcproj", "{67105033-B6AC-49A3-90CD-DB920C1FC4CD}"
EndProject
Project("{8BC9CEB8-8B4A-11D0-8D11-00A0C91BC942}") = "can_open_diag", "can_open_diag\can_open_diag.vcproj", "{2919DC69-AFF4-47C8-B336-41AD91625280}"
EndProject
Global
	GlobalSection(SolutionConfigurationPlatforms) = preSolution
		Debug|CE500_CORE (ARMV4I) = Debug|CE500_CORE (ARMV4I)
		Debug|CE500_PRO_V61105 (ARMV4I) = Debug|CE500_PRO_V61105 (ARMV4I)
		Debug|Pocket PC 2003 (ARMV4) = Debug|Pocket PC 2003 (ARMV4)
		Debug|Smartphone 2003 (ARMV4) = Debug|Smartphone 2003 (ARMV4)
		Release|CE500_CORE (ARMV4I) = Release|CE500_CORE (ARMV4I)
		Release|CE500_PRO_V61105 (ARMV4I) = Release|CE500_PRO_V61105 (ARMV4I)
		Release|Pocket PC 2003 (ARMV4) = Release|Pocket PC 2003 (ARMV4)
		Release|Smartphone 2003 (ARMV4) = Release|Smartphone 2003 (ARMV4)
	EndGlobalSection
	GlobalSection(ProjectConfigurationPlatforms) = postSolution
		{67105033-B6AC-49A3-90CD-DB920C1FC4CD}.Debug|CE500_CORE (ARMV4I).ActiveCfg = Debug|CE500_PRO_V61105 (ARMV4I)
		{67105033-B6AC-49A3-90CD-DB920C1FC4CD}.Debug|CE500_PRO_V61105 (ARMV4I).ActiveCfg = Debug|CE500_PRO_V61105 (ARMV4I)
		{67105033-B6AC-49A3-90CD-DB920C1FC4CD}.Debug|CE500_PRO_V61105 (ARMV4I).Build.0 = Debug|CE500_PRO_V61105 (ARMV4I)
		{67105033-B6AC-49A3-90CD-DB920C1FC4CD}.Debug|CE500_PRO_V61105 (ARMV4I).Deploy.0 = Debug|CE500_PRO_V61105 (ARMV4I)
		{67105033-B6AC-49A3-90CD-DB920C1FC4CD}.Debug|Pocket PC 2003 (ARMV4).ActiveCfg = Debug|Pocket PC 2003 (ARMV4)
		{67105033-B6AC-49A3-90CD-DB920C1FC4CD}.Debug|Pocket PC 2003 (ARMV4).Build.0 = Debug|Pocket PC 2003 (ARMV4)
		{67105033-B6AC-49A3-90CD-DB920C1FC4CD}.Debug|Pocket PC 2003 (ARMV4).Deploy.0 = Debug|Pocket PC 2003 (ARMV4)
		{67105033-B6AC-49A3-90CD-DB920C1FC4CD}.Debug|Smartphone 2003 (ARMV4).ActiveCfg = Debug|Pocket PC 2003 (ARMV4)
		{67105033-B6AC-49A3-90CD-DB920C1FC4CD}.Release|CE500_CORE (ARMV4I).ActiveCfg = Release|CE500_PRO_V61105 (ARMV4I)
		{67105033-B6AC-49A3-90CD-DB920C1FC4CD}.Release|CE500_PRO_V61105 (ARMV4I).ActiveCfg = Release|CE500_PRO_V61105 (ARMV4I)
		{67105033-B6AC-49A3-90CD-DB920C1FC4CD}.Release|CE500_PRO_V61105 (ARMV4I).Build.0 = Release|CE500_PRO_V61105 (ARMV4I)
		{67105033-B6AC-49A3-90CD-DB920C1FC4CD}.Release|CE500_PRO_V61105 (ARMV4I).Deploy.0 = Release|CE500_PRO_V61105 (ARMV4I)
		{67105033-B6AC-49A3-90CD-DB920C1FC4CD}.Release|Pocket PC 2003 (ARMV4).ActiveCfg = Release|Pocket PC 2003 (ARMV4)
		{67105033-B6AC-49A3-90CD-DB920C1FC4CD}.Release|Pocket PC 2003 (ARMV4).Build.0 = Release|Pocket PC 2003 (ARMV4)
		{67105033-B6AC-49A3-90CD-DB920C1FC4CD}.Release|Pocket PC 2003 (ARMV4).Deploy.0 = Release|Pocket PC 2003 (ARMV4)
		{67105033-B6AC-49A3-90CD-DB920C1FC4CD}.Release|Smartphone 2003 (ARMV4).ActiveCfg = Release|Pocket PC 2003 (ARMV4)
		{2919DC69-AFF4-47C8-B336-41AD91625280}.Debug|CE500_CORE (ARMV4I).ActiveCfg = Debug|CE500_CORE (ARMV4I)
		{2919DC69-AFF4-47C8-B336-41AD91625280}.Debug|CE500_CORE (ARMV4I).Build.0 = Debug|CE500_CORE (ARMV4I)
		{2919DC69-AFF4-47C8-B336-41AD91625280}.Debug|CE500_CORE (ARMV4I).Deploy.0 = Debug|CE500_CORE (ARMV4I)
		{2919DC69-AFF4-47C8-B336-41AD91625280}.Debug|CE500_PRO_V61105 (ARMV4I).ActiveCfg = Debug|CE500_PRO_V61105 (ARMV4I)
		{2919DC69-AFF4-47C8-B336-41AD91625280}.Debug|CE500_PRO_V61105 (ARMV4I).Build.0 = Debug|CE500_PRO_V61105 (ARMV4I)
		{2919DC69-AFF4-47C8-B336-41AD91625280}.Debug|CE500_PRO_V61105 (ARMV4I).Deploy.0 = Debug|CE500_PRO_V61105 (ARMV4I)
		{2919DC69-AFF4-47C8-B336-41AD91625280}.Debug|Pocket PC 2003 (ARMV4).ActiveCfg = Debug|Pocket PC 2003 (ARMV4)
		{2919DC69-AFF4-47C8-B336-41AD91625280}.Debug|Pocket PC 2003 (ARMV4).Build.0 = Debug|Pocket PC 2003 (ARMV4)
		{2919DC69-AFF4-47C8-B336-41AD91625280}.Debug|Pocket PC 2003 (ARMV4).Deploy.0 = Debug|Pocket PC 2003 (ARMV4)
		{2919DC69-AFF4-47C8-B336-41AD91625280}.Debug|Smartphone 2003 (ARMV4).ActiveCfg = Debug|Smartphone 2003 (ARMV4)
		{2919DC69-AFF4-47C8-B336-41AD91625280}.Debug|Smartphone 2003 (ARMV4).Build.0 = Debug|Smartphone 2003 (ARMV4)
		{2919DC69-AFF4-47C8-B336-41AD91625280}.Debug|Smartphone 2003 (ARMV4).Deploy.0 = Debug|Smartphone 2003 (ARMV4)
		{2919DC69-AFF4-47C8-B336-41AD91625280}.Release|CE500_CORE (ARMV4I).ActiveCfg = Release|CE500_CORE (ARMV4I)
		{2919DC69-AFF4-47C8-B336-41AD91625280}.Release|CE500_CORE (ARMV4I).Build.0 = Release|CE500_CORE (ARMV4I)
		{2919DC69-AFF4-47C8-B336-41AD91625280}.Release|CE500_CORE (ARMV4I).Deploy.0 = Release|CE500_CORE (ARMV4I)
		{2919DC69-AFF4-47C8-B336-41AD91625280}.Release|CE500_PRO_V61105 (ARMV4I).ActiveCfg = Release|CE500_PRO_V61105 (ARMV4I)
		{2919DC69-AFF4-47C8-B336-41AD91625280}.Release|CE500_PRO_V61105 (ARMV4I).Build.0 = Release|CE500_PRO_V61105 (ARMV4I)
		{2919DC69-AFF4-47C8-B336-41AD91625280}.Release|CE500_PRO_V61105 (ARMV4I).Deploy.0 = Release|CE500_PRO_V61105 (ARMV4I)
		{2919DC69-AFF4-47C8-B336-41AD91625280}.Release|Pocket PC 2003 (ARMV4).ActiveCfg = Release|Pocket PC 2003 (ARMV4)
		{2919DC69-AFF4-47C8-B336-41AD91625280}.Release|Pocket PC 2003 (ARMV4).Build.0 = Release|Pocket PC 2003 (ARMV4)
		{2919DC69-AFF4-47C8-B336-41AD91625280}.Release|Pocket PC 2003 (ARMV4).Deploy.0 = Release|Pocket PC 2003 (ARMV4)
		{2919DC69-AFF4-47C8-B336-41AD91625280}.Release|Smartphone 2003 (ARMV4).ActiveCfg = Release|Smartphone 2003 (ARMV4)
		{2919DC69-AFF4-47C8-B336-41AD91625280}.Release|Smartphone 2003 (ARMV4).Build.0 = Release|Smartphone 2003 (ARMV4)
		{2919DC69-AFF4-47C8-B336-41AD91625280}.Release|Smartphone 2003 (ARMV4).Deploy.0 = Release|Smartphone 2003 (ARMV4)
	EndGlobalSection
	GlobalSection(SolutionProperties) = preSolution
		HideSolutionNode = FALSE
	EndGlobalSection
EndGlobal
